
Microsoft Visual Studio Solution File, Format Version 12.00
# Visual Studio 2013
VisualStudioVersion = 12.0.31101.0
MinimumVisualStudioVersion = 10.0.40219.1
Project("{FAE04EC0-301F-11D3-BF4B-00C04F79EFBC}") = "ScnSideMenu", "ScnSideMenu\ScnSideMenu\ScnSideMenu.csproj", "{4A6AE328-E0D9-4D99-82C5-02C9828B7995}"
EndProject
Project("{FAE04EC0-301F-11D3-BF4B-00C04F79EFBC}") = "ScnSideMenu.iOS", "ScnSideMenu\ScnSideMenu.iOS\ScnSideMenu.iOS.csproj", "{20F7D923-16AA-4155-8CAD-8462E4C2986A}"
EndProject
Project("{FAE04EC0-301F-11D3-BF4B-00C04F79EFBC}") = "ScnSideMenu.Droid", "ScnSideMenu\ScnSideMenu.Droid\ScnSideMenu.Droid.csproj", "{3C1CDF64-E4C2-4C7D-A0BB-88878B0B6909}"
EndProject
Project("{FAE04EC0-301F-11D3-BF4B-00C04F79EFBC}") = "ScnSideMenu.WinPhone", "ScnSideMenu\ScnSideMenu.WinPhone\ScnSideMenu.WinPhone.csproj", "{8F7F3374-4F14-4CAA-AE73-DEA7999BF8C6}"
EndProject
Project("{2150E333-8FDC-42A3-9474-1A3956D46DE8}") = "Plugins", "Plugins", "{4AA1AFAF-AD2A-4590-A201-485B7649369E}"
EndProject
Project("{2150E333-8FDC-42A3-9474-1A3956D46DE8}") = "ScnPage.Plugin", "ScnPage.Plugin", "{C48CD5F3-86E5-479B-A8D8-1EC62439380C}"
EndProject
Project("{2150E333-8FDC-42A3-9474-1A3956D46DE8}") = "ScnGesture.Plugin", "ScnGesture.Plugin", "{01766AC8-3B3D-4844-8487-171904D320D8}"
EndProject
Project("{FAE04EC0-301F-11D3-BF4B-00C04F79EFBC}") = "ScnGesture.Plugin", "Plugins\ScnGesture.Plugin\ScnGesture.Plugin\ScnGesture.Plugin.csproj", "{89E01C7E-E322-4FD1-BC42-7D274575269D}"
EndProject
Project("{FAE04EC0-301F-11D3-BF4B-00C04F79EFBC}") = "ScnGesture.Plugin.iOS", "Plugins\ScnGesture.Plugin\ScnGesture.Plugin.iOS\ScnGesture.Plugin.iOS.csproj", "{701737C6-EA8C-4143-9ED6-C0C7F762DEDA}"
EndProject
Project("{FAE04EC0-301F-11D3-BF4B-00C04F79EFBC}") = "ScnGesture.Plugin.Droid", "Plugins\ScnGesture.Plugin\ScnGesture.Plugin.Droid\ScnGesture.Plugin.Droid.csproj", "{3283435D-DCD3-4CB4-BE07-CB2A4BFFF34B}"
EndProject
Project("{FAE04EC0-301F-11D3-BF4B-00C04F79EFBC}") = "ScnGesture.Plugin.WinPhone", "Plugins\ScnGesture.Plugin\ScnGesture.Plugin.WinPhone\ScnGesture.Plugin.WinPhone.csproj", "{6E5F6269-277C-4D53-955A-E535AC0313FB}"
EndProject
Project("{FAE04EC0-301F-11D3-BF4B-00C04F79EFBC}") = "ScnPage.Plugin", "Plugins\ScnPage.Plugin\ScnPage.Plugin.csproj", "{67F9D3A8-F71E-4428-913F-C37AE82CDB24}"
EndProject
Project("{2150E333-8FDC-42A3-9474-1A3956D46DE8}") = "Sample", "Sample", "{C0EE6275-D39C-4350-8906-09CA88A5B263}"
EndProject
Project("{2150E333-8FDC-42A3-9474-1A3956D46DE8}") = "SimpleSideMenu", "SimpleSideMenu", "{6A26FF62-49FA-491A-B687-39C790EFE2BC}"
EndProject
Project("{D954291E-2A0B-460D-934E-DC6B0785DB48}") = "SimpleSideMenu", "Sample\SimpleSideMenu\SimpleSideMenu\SimpleSideMenu.shproj", "{90AD55BC-FC20-4B80-A265-0EC842A94573}"
EndProject
Project("{FAE04EC0-301F-11D3-BF4B-00C04F79EFBC}") = "SimpleSideMenu.WinPhone", "Sample\SimpleSideMenu\SimpleSideMenu.WinPhone\SimpleSideMenu.WinPhone.csproj", "{18A38D72-54B3-4555-92FC-59C03506D8DE}"
EndProject
Project("{FAE04EC0-301F-11D3-BF4B-00C04F79EFBC}") = "SimpleSideMenu.iOS", "Sample\SimpleSideMenu\SimpleSideMenu.iOS\SimpleSideMenu.iOS.csproj", "{BC22C60E-4D9F-4255-BB49-680016D76326}"
EndProject
Project("{FAE04EC0-301F-11D3-BF4B-00C04F79EFBC}") = "SimpleSideMenu.Droid", "Sample\SimpleSideMenu\SimpleSideMenu.Droid\SimpleSideMenu.Droid.csproj", "{D9E8714E-0562-479B-ACAA-75155E032EC6}"
EndProject
Global
	GlobalSection(SharedMSBuildProjectFiles) = preSolution
		Sample\SimpleSideMenu\SimpleSideMenu\SimpleSideMenu.projitems*{bc22c60e-4d9f-4255-bb49-680016d76326}*SharedItemsImports = 4
		Sample\SimpleSideMenu\SimpleSideMenu\SimpleSideMenu.projitems*{d9e8714e-0562-479b-acaa-75155e032ec6}*SharedItemsImports = 4
		Sample\SimpleSideMenu\SimpleSideMenu\SimpleSideMenu.projitems*{18a38d72-54b3-4555-92fc-59c03506d8de}*SharedItemsImports = 4
		Sample\SimpleSideMenu\SimpleSideMenu\SimpleSideMenu.projitems*{90ad55bc-fc20-4b80-a265-0ec842a94573}*SharedItemsImports = 13
	EndGlobalSection
	GlobalSection(SolutionConfigurationPlatforms) = preSolution
		Ad-Hoc|Any CPU = Ad-Hoc|Any CPU
		Ad-Hoc|ARM = Ad-Hoc|ARM
		Ad-Hoc|iPhone = Ad-Hoc|iPhone
		Ad-Hoc|iPhoneSimulator = Ad-Hoc|iPhoneSimulator
		Ad-Hoc|Mixed Platforms = Ad-Hoc|Mixed Platforms
		Ad-Hoc|x86 = Ad-Hoc|x86
		AppStore|Any CPU = AppStore|Any CPU
		AppStore|ARM = AppStore|ARM
		AppStore|iPhone = AppStore|iPhone
		AppStore|iPhoneSimulator = AppStore|iPhoneSimulator
		AppStore|Mixed Platforms = AppStore|Mixed Platforms
		AppStore|x86 = AppStore|x86
		Debug|Any CPU = Debug|Any CPU
		Debug|ARM = Debug|ARM
		Debug|iPhone = Debug|iPhone
		Debug|iPhoneSimulator = Debug|iPhoneSimulator
		Debug|Mixed Platforms = Debug|Mixed Platforms
		Debug|x86 = Debug|x86
		Release|Any CPU = Release|Any CPU
		Release|ARM = Release|ARM
		Release|iPhone = Release|iPhone
		Release|iPhoneSimulator = Release|iPhoneSimulator
		Release|Mixed Platforms = Release|Mixed Platforms
		Release|x86 = Release|x86
	EndGlobalSection
	GlobalSection(ProjectConfigurationPlatforms) = postSolution
		{4A6AE328-E0D9-4D99-82C5-02C9828B7995}.Ad-Hoc|Any CPU.ActiveCfg = Release|Any CPU
		{4A6AE328-E0D9-4D99-82C5-02C9828B7995}.Ad-Hoc|Any CPU.Build.0 = Release|Any CPU
		{4A6AE328-E0D9-4D99-82C5-02C9828B7995}.Ad-Hoc|ARM.ActiveCfg = Release|Any CPU
		{4A6AE328-E0D9-4D99-82C5-02C9828B7995}.Ad-Hoc|iPhone.ActiveCfg = Release|Any CPU
		{4A6AE328-E0D9-4D99-82C5-02C9828B7995}.Ad-Hoc|iPhoneSimulator.ActiveCfg = Release|Any CPU
		{4A6AE328-E0D9-4D99-82C5-02C9828B7995}.Ad-Hoc|Mixed Platforms.ActiveCfg = Release|Any CPU
		{4A6AE328-E0D9-4D99-82C5-02C9828B7995}.Ad-Hoc|Mixed Platforms.Build.0 = Release|Any CPU
		{4A6AE328-E0D9-4D99-82C5-02C9828B7995}.Ad-Hoc|x86.ActiveCfg = Release|Any CPU
		{4A6AE328-E0D9-4D99-82C5-02C9828B7995}.AppStore|Any CPU.ActiveCfg = Release|Any CPU
		{4A6AE328-E0D9-4D99-82C5-02C9828B7995}.AppStore|Any CPU.Build.0 = Release|Any CPU
		{4A6AE328-E0D9-4D99-82C5-02C9828B7995}.AppStore|ARM.ActiveCfg = Release|Any CPU
		{4A6AE328-E0D9-4D99-82C5-02C9828B7995}.AppStore|iPhone.ActiveCfg = Release|Any CPU
		{4A6AE328-E0D9-4D99-82C5-02C9828B7995}.AppStore|iPhoneSimulator.ActiveCfg = Release|Any CPU
		{4A6AE328-E0D9-4D99-82C5-02C9828B7995}.AppStore|Mixed Platforms.ActiveCfg = Release|Any CPU
		{4A6AE328-E0D9-4D99-82C5-02C9828B7995}.AppStore|Mixed Platforms.Build.0 = Release|Any CPU
		{4A6AE328-E0D9-4D99-82C5-02C9828B7995}.AppStore|x86.ActiveCfg = Release|Any CPU
		{4A6AE328-E0D9-4D99-82C5-02C9828B7995}.Debug|Any CPU.ActiveCfg = Debug|Any CPU
		{4A6AE328-E0D9-4D99-82C5-02C9828B7995}.Debug|Any CPU.Build.0 = Debug|Any CPU
		{4A6AE328-E0D9-4D99-82C5-02C9828B7995}.Debug|ARM.ActiveCfg = Debug|Any CPU
		{4A6AE328-E0D9-4D99-82C5-02C9828B7995}.Debug|iPhone.ActiveCfg = Debug|Any CPU
		{4A6AE328-E0D9-4D99-82C5-02C9828B7995}.Debug|iPhoneSimulator.ActiveCfg = Debug|Any CPU
		{4A6AE328-E0D9-4D99-82C5-02C9828B7995}.Debug|Mixed Platforms.ActiveCfg = Debug|Any CPU
		{4A6AE328-E0D9-4D99-82C5-02C9828B7995}.Debug|Mixed Platforms.Build.0 = Debug|Any CPU
		{4A6AE328-E0D9-4D99-82C5-02C9828B7995}.Debug|x86.ActiveCfg = Debug|Any CPU
		{4A6AE328-E0D9-4D99-82C5-02C9828B7995}.Release|Any CPU.ActiveCfg = Release|Any CPU
		{4A6AE328-E0D9-4D99-82C5-02C9828B7995}.Release|Any CPU.Build.0 = Release|Any CPU
		{4A6AE328-E0D9-4D99-82C5-02C9828B7995}.Release|ARM.ActiveCfg = Release|Any CPU
		{4A6AE328-E0D9-4D99-82C5-02C9828B7995}.Release|iPhone.ActiveCfg = Release|Any CPU
		{4A6AE328-E0D9-4D99-82C5-02C9828B7995}.Release|iPhoneSimulator.ActiveCfg = Release|Any CPU
		{4A6AE328-E0D9-4D99-82C5-02C9828B7995}.Release|Mixed Platforms.ActiveCfg = Release|Any CPU
		{4A6AE328-E0D9-4D99-82C5-02C9828B7995}.Release|Mixed Platforms.Build.0 = Release|Any CPU
		{4A6AE328-E0D9-4D99-82C5-02C9828B7995}.Release|x86.ActiveCfg = Release|Any CPU
		{20F7D923-16AA-4155-8CAD-8462E4C2986A}.Ad-Hoc|Any CPU.ActiveCfg = Ad-Hoc|iPhone
		{20F7D923-16AA-4155-8CAD-8462E4C2986A}.Ad-Hoc|ARM.ActiveCfg = Ad-Hoc|iPhone
		{20F7D923-16AA-4155-8CAD-8462E4C2986A}.Ad-Hoc|iPhone.ActiveCfg = Ad-Hoc|iPhone
		{20F7D923-16AA-4155-8CAD-8462E4C2986A}.Ad-Hoc|iPhone.Build.0 = Ad-Hoc|iPhone
		{20F7D923-16AA-4155-8CAD-8462E4C2986A}.Ad-Hoc|iPhoneSimulator.ActiveCfg = Ad-Hoc|iPhoneSimulator
		{20F7D923-16AA-4155-8CAD-8462E4C2986A}.Ad-Hoc|iPhoneSimulator.Build.0 = Ad-Hoc|iPhoneSimulator
		{20F7D923-16AA-4155-8CAD-8462E4C2986A}.Ad-Hoc|Mixed Platforms.ActiveCfg = Ad-Hoc|iPhone
		{20F7D923-16AA-4155-8CAD-8462E4C2986A}.Ad-Hoc|Mixed Platforms.Build.0 = Ad-Hoc|iPhone
		{20F7D923-16AA-4155-8CAD-8462E4C2986A}.Ad-Hoc|x86.ActiveCfg = Ad-Hoc|iPhone
		{20F7D923-16AA-4155-8CAD-8462E4C2986A}.AppStore|Any CPU.ActiveCfg = AppStore|iPhone
		{20F7D923-16AA-4155-8CAD-8462E4C2986A}.AppStore|ARM.ActiveCfg = AppStore|iPhone
		{20F7D923-16AA-4155-8CAD-8462E4C2986A}.AppStore|iPhone.ActiveCfg = AppStore|iPhone
		{20F7D923-16AA-4155-8CAD-8462E4C2986A}.AppStore|iPhone.Build.0 = AppStore|iPhone
		{20F7D923-16AA-4155-8CAD-8462E4C2986A}.AppStore|iPhoneSimulator.ActiveCfg = AppStore|iPhoneSimulator
		{20F7D923-16AA-4155-8CAD-8462E4C2986A}.AppStore|iPhoneSimulator.Build.0 = AppStore|iPhoneSimulator
		{20F7D923-16AA-4155-8CAD-8462E4C2986A}.AppStore|Mixed Platforms.ActiveCfg = AppStore|iPhone
		{20F7D923-16AA-4155-8CAD-8462E4C2986A}.AppStore|Mixed Platforms.Build.0 = AppStore|iPhone
		{20F7D923-16AA-4155-8CAD-8462E4C2986A}.AppStore|x86.ActiveCfg = AppStore|iPhone
		{20F7D923-16AA-4155-8CAD-8462E4C2986A}.Debug|Any CPU.ActiveCfg = Debug|iPhone
		{20F7D923-16AA-4155-8CAD-8462E4C2986A}.Debug|ARM.ActiveCfg = Debug|iPhone
		{20F7D923-16AA-4155-8CAD-8462E4C2986A}.Debug|iPhone.ActiveCfg = Debug|iPhone
		{20F7D923-16AA-4155-8CAD-8462E4C2986A}.Debug|iPhone.Build.0 = Debug|iPhone
		{20F7D923-16AA-4155-8CAD-8462E4C2986A}.Debug|iPhoneSimulator.ActiveCfg = Debug|iPhoneSimulator
		{20F7D923-16AA-4155-8CAD-8462E4C2986A}.Debug|iPhoneSimulator.Build.0 = Debug|iPhoneSimulator
		{20F7D923-16AA-4155-8CAD-8462E4C2986A}.Debug|Mixed Platforms.ActiveCfg = Debug|iPhone
		{20F7D923-16AA-4155-8CAD-8462E4C2986A}.Debug|Mixed Platforms.Build.0 = Debug|iPhone
		{20F7D923-16AA-4155-8CAD-8462E4C2986A}.Debug|x86.ActiveCfg = Debug|iPhone
		{20F7D923-16AA-4155-8CAD-8462E4C2986A}.Release|Any CPU.ActiveCfg = Release|iPhone
		{20F7D923-16AA-4155-8CAD-8462E4C2986A}.Release|ARM.ActiveCfg = Release|iPhone
		{20F7D923-16AA-4155-8CAD-8462E4C2986A}.Release|iPhone.ActiveCfg = Release|iPhone
		{20F7D923-16AA-4155-8CAD-8462E4C2986A}.Release|iPhone.Build.0 = Release|iPhone
		{20F7D923-16AA-4155-8CAD-8462E4C2986A}.Release|iPhoneSimulator.ActiveCfg = Release|iPhoneSimulator
		{20F7D923-16AA-4155-8CAD-8462E4C2986A}.Release|iPhoneSimulator.Build.0 = Release|iPhoneSimulator
		{20F7D923-16AA-4155-8CAD-8462E4C2986A}.Release|Mixed Platforms.ActiveCfg = Release|iPhone
		{20F7D923-16AA-4155-8CAD-8462E4C2986A}.Release|Mixed Platforms.Build.0 = Release|iPhone
		{20F7D923-16AA-4155-8CAD-8462E4C2986A}.Release|x86.ActiveCfg = Release|iPhone
		{3C1CDF64-E4C2-4C7D-A0BB-88878B0B6909}.Ad-Hoc|Any CPU.ActiveCfg = Release|Any CPU
		{3C1CDF64-E4C2-4C7D-A0BB-88878B0B6909}.Ad-Hoc|Any CPU.Build.0 = Release|Any CPU
		{3C1CDF64-E4C2-4C7D-A0BB-88878B0B6909}.Ad-Hoc|Any CPU.Deploy.0 = Release|Any CPU
		{3C1CDF64-E4C2-4C7D-A0BB-88878B0B6909}.Ad-Hoc|ARM.ActiveCfg = Release|Any CPU
		{3C1CDF64-E4C2-4C7D-A0BB-88878B0B6909}.Ad-Hoc|iPhone.ActiveCfg = Release|Any CPU
		{3C1CDF64-E4C2-4C7D-A0BB-88878B0B6909}.Ad-Hoc|iPhoneSimulator.ActiveCfg = Release|Any CPU
		{3C1CDF64-E4C2-4C7D-A0BB-88878B0B6909}.Ad-Hoc|Mixed Platforms.ActiveCfg = Release|Any CPU
		{3C1CDF64-E4C2-4C7D-A0BB-88878B0B6909}.Ad-Hoc|Mixed Platforms.Build.0 = Release|Any CPU
		{3C1CDF64-E4C2-4C7D-A0BB-88878B0B6909}.Ad-Hoc|Mixed Platforms.Deploy.0 = Release|Any CPU
		{3C1CDF64-E4C2-4C7D-A0BB-88878B0B6909}.Ad-Hoc|x86.ActiveCfg = Release|Any CPU
		{3C1CDF64-E4C2-4C7D-A0BB-88878B0B6909}.AppStore|Any CPU.ActiveCfg = Release|Any CPU
		{3C1CDF64-E4C2-4C7D-A0BB-88878B0B6909}.AppStore|Any CPU.Build.0 = Release|Any CPU
		{3C1CDF64-E4C2-4C7D-A0BB-88878B0B6909}.AppStore|Any CPU.Deploy.0 = Release|Any CPU
		{3C1CDF64-E4C2-4C7D-A0BB-88878B0B6909}.AppStore|ARM.ActiveCfg = Release|Any CPU
		{3C1CDF64-E4C2-4C7D-A0BB-88878B0B6909}.AppStore|iPhone.ActiveCfg = Release|Any CPU
		{3C1CDF64-E4C2-4C7D-A0BB-88878B0B6909}.AppStore|iPhoneSimulator.ActiveCfg = Release|Any CPU
		{3C1CDF64-E4C2-4C7D-A0BB-88878B0B6909}.AppStore|Mixed Platforms.ActiveCfg = Release|Any CPU
		{3C1CDF64-E4C2-4C7D-A0BB-88878B0B6909}.AppStore|Mixed Platforms.Build.0 = Release|Any CPU
		{3C1CDF64-E4C2-4C7D-A0BB-88878B0B6909}.AppStore|Mixed Platforms.Deploy.0 = Release|Any CPU
		{3C1CDF64-E4C2-4C7D-A0BB-88878B0B6909}.AppStore|x86.ActiveCfg = Release|Any CPU
		{3C1CDF64-E4C2-4C7D-A0BB-88878B0B6909}.Debug|Any CPU.ActiveCfg = Debug|Any CPU
		{3C1CDF64-E4C2-4C7D-A0BB-88878B0B6909}.Debug|Any CPU.Build.0 = Debug|Any CPU
		{3C1CDF64-E4C2-4C7D-A0BB-88878B0B6909}.Debug|Any CPU.Deploy.0 = Debug|Any CPU
		{3C1CDF64-E4C2-4C7D-A0BB-88878B0B6909}.Debug|ARM.ActiveCfg = Debug|Any CPU
		{3C1CDF64-E4C2-4C7D-A0BB-88878B0B6909}.Debug|iPhone.ActiveCfg = Debug|Any CPU
		{3C1CDF64-E4C2-4C7D-A0BB-88878B0B6909}.Debug|iPhoneSimulator.ActiveCfg = Debug|Any CPU
		{3C1CDF64-E4C2-4C7D-A0BB-88878B0B6909}.Debug|Mixed Platforms.ActiveCfg = Debug|Any CPU
		{3C1CDF64-E4C2-4C7D-A0BB-88878B0B6909}.Debug|Mixed Platforms.Build.0 = Debug|Any CPU
		{3C1CDF64-E4C2-4C7D-A0BB-88878B0B6909}.Debug|Mixed Platforms.Deploy.0 = Debug|Any CPU
		{3C1CDF64-E4C2-4C7D-A0BB-88878B0B6909}.Debug|x86.ActiveCfg = Debug|Any CPU
		{3C1CDF64-E4C2-4C7D-A0BB-88878B0B6909}.Release|Any CPU.ActiveCfg = Release|Any CPU
		{3C1CDF64-E4C2-4C7D-A0BB-88878B0B6909}.Release|Any CPU.Build.0 = Release|Any CPU
		{3C1CDF64-E4C2-4C7D-A0BB-88878B0B6909}.Release|Any CPU.Deploy.0 = Release|Any CPU
		{3C1CDF64-E4C2-4C7D-A0BB-88878B0B6909}.Release|ARM.ActiveCfg = Release|Any CPU
		{3C1CDF64-E4C2-4C7D-A0BB-88878B0B6909}.Release|iPhone.ActiveCfg = Release|Any CPU
		{3C1CDF64-E4C2-4C7D-A0BB-88878B0B6909}.Release|iPhoneSimulator.ActiveCfg = Release|Any CPU
		{3C1CDF64-E4C2-4C7D-A0BB-88878B0B6909}.Release|Mixed Platforms.ActiveCfg = Release|Any CPU
		{3C1CDF64-E4C2-4C7D-A0BB-88878B0B6909}.Release|Mixed Platforms.Build.0 = Release|Any CPU
		{3C1CDF64-E4C2-4C7D-A0BB-88878B0B6909}.Release|Mixed Platforms.Deploy.0 = Release|Any CPU
		{3C1CDF64-E4C2-4C7D-A0BB-88878B0B6909}.Release|x86.ActiveCfg = Release|Any CPU
		{8F7F3374-4F14-4CAA-AE73-DEA7999BF8C6}.Ad-Hoc|Any CPU.ActiveCfg = Release|Any CPU
		{8F7F3374-4F14-4CAA-AE73-DEA7999BF8C6}.Ad-Hoc|Any CPU.Build.0 = Release|Any CPU
		{8F7F3374-4F14-4CAA-AE73-DEA7999BF8C6}.Ad-Hoc|Any CPU.Deploy.0 = Release|Any CPU
		{8F7F3374-4F14-4CAA-AE73-DEA7999BF8C6}.Ad-Hoc|ARM.ActiveCfg = Release|ARM
		{8F7F3374-4F14-4CAA-AE73-DEA7999BF8C6}.Ad-Hoc|ARM.Build.0 = Release|ARM
		{8F7F3374-4F14-4CAA-AE73-DEA7999BF8C6}.Ad-Hoc|ARM.Deploy.0 = Release|ARM
		{8F7F3374-4F14-4CAA-AE73-DEA7999BF8C6}.Ad-Hoc|iPhone.ActiveCfg = Release|Any CPU
		{8F7F3374-4F14-4CAA-AE73-DEA7999BF8C6}.Ad-Hoc|iPhoneSimulator.ActiveCfg = Release|Any CPU
		{8F7F3374-4F14-4CAA-AE73-DEA7999BF8C6}.Ad-Hoc|Mixed Platforms.ActiveCfg = Release|x86
		{8F7F3374-4F14-4CAA-AE73-DEA7999BF8C6}.Ad-Hoc|Mixed Platforms.Build.0 = Release|x86
		{8F7F3374-4F14-4CAA-AE73-DEA7999BF8C6}.Ad-Hoc|Mixed Platforms.Deploy.0 = Release|x86
		{8F7F3374-4F14-4CAA-AE73-DEA7999BF8C6}.Ad-Hoc|x86.ActiveCfg = Release|x86
		{8F7F3374-4F14-4CAA-AE73-DEA7999BF8C6}.Ad-Hoc|x86.Build.0 = Release|x86
		{8F7F3374-4F14-4CAA-AE73-DEA7999BF8C6}.Ad-Hoc|x86.Deploy.0 = Release|x86
		{8F7F3374-4F14-4CAA-AE73-DEA7999BF8C6}.AppStore|Any CPU.ActiveCfg = Release|Any CPU
		{8F7F3374-4F14-4CAA-AE73-DEA7999BF8C6}.AppStore|Any CPU.Build.0 = Release|Any CPU
		{8F7F3374-4F14-4CAA-AE73-DEA7999BF8C6}.AppStore|Any CPU.Deploy.0 = Release|Any CPU
		{8F7F3374-4F14-4CAA-AE73-DEA7999BF8C6}.AppStore|ARM.ActiveCfg = Release|ARM
		{8F7F3374-4F14-4CAA-AE73-DEA7999BF8C6}.AppStore|ARM.Build.0 = Release|ARM
		{8F7F3374-4F14-4CAA-AE73-DEA7999BF8C6}.AppStore|ARM.Deploy.0 = Release|ARM
		{8F7F3374-4F14-4CAA-AE73-DEA7999BF8C6}.AppStore|iPhone.ActiveCfg = Release|Any CPU
		{8F7F3374-4F14-4CAA-AE73-DEA7999BF8C6}.AppStore|iPhoneSimulator.ActiveCfg = Release|Any CPU
		{8F7F3374-4F14-4CAA-AE73-DEA7999BF8C6}.AppStore|Mixed Platforms.ActiveCfg = Release|x86
		{8F7F3374-4F14-4CAA-AE73-DEA7999BF8C6}.AppStore|Mixed Platforms.Build.0 = Release|x86
		{8F7F3374-4F14-4CAA-AE73-DEA7999BF8C6}.AppStore|Mixed Platforms.Deploy.0 = Release|x86
		{8F7F3374-4F14-4CAA-AE73-DEA7999BF8C6}.AppStore|x86.ActiveCfg = Release|x86
		{8F7F3374-4F14-4CAA-AE73-DEA7999BF8C6}.AppStore|x86.Build.0 = Release|x86
		{8F7F3374-4F14-4CAA-AE73-DEA7999BF8C6}.AppStore|x86.Deploy.0 = Release|x86
		{8F7F3374-4F14-4CAA-AE73-DEA7999BF8C6}.Debug|Any CPU.ActiveCfg = Debug|Any CPU
		{8F7F3374-4F14-4CAA-AE73-DEA7999BF8C6}.Debug|Any CPU.Build.0 = Debug|Any CPU
		{8F7F3374-4F14-4CAA-AE73-DEA7999BF8C6}.Debug|Any CPU.Deploy.0 = Debug|Any CPU
		{8F7F3374-4F14-4CAA-AE73-DEA7999BF8C6}.Debug|ARM.ActiveCfg = Debug|ARM
		{8F7F3374-4F14-4CAA-AE73-DEA7999BF8C6}.Debug|ARM.Build.0 = Debug|ARM
		{8F7F3374-4F14-4CAA-AE73-DEA7999BF8C6}.Debug|ARM.Deploy.0 = Debug|ARM
		{8F7F3374-4F14-4CAA-AE73-DEA7999BF8C6}.Debug|iPhone.ActiveCfg = Debug|Any CPU
		{8F7F3374-4F14-4CAA-AE73-DEA7999BF8C6}.Debug|iPhoneSimulator.ActiveCfg = Debug|Any CPU
		{8F7F3374-4F14-4CAA-AE73-DEA7999BF8C6}.Debug|Mixed Platforms.ActiveCfg = Debug|x86
		{8F7F3374-4F14-4CAA-AE73-DEA7999BF8C6}.Debug|Mixed Platforms.Build.0 = Debug|x86
		{8F7F3374-4F14-4CAA-AE73-DEA7999BF8C6}.Debug|Mixed Platforms.Deploy.0 = Debug|x86
		{8F7F3374-4F14-4CAA-AE73-DEA7999BF8C6}.Debug|x86.ActiveCfg = Debug|x86
		{8F7F3374-4F14-4CAA-AE73-DEA7999BF8C6}.Debug|x86.Build.0 = Debug|x86
		{8F7F3374-4F14-4CAA-AE73-DEA7999BF8C6}.Debug|x86.Deploy.0 = Debug|x86
		{8F7F3374-4F14-4CAA-AE73-DEA7999BF8C6}.Release|Any CPU.ActiveCfg = Release|Any CPU
		{8F7F3374-4F14-4CAA-AE73-DEA7999BF8C6}.Release|Any CPU.Build.0 = Release|Any CPU
		{8F7F3374-4F14-4CAA-AE73-DEA7999BF8C6}.Release|Any CPU.Deploy.0 = Release|Any CPU
		{8F7F3374-4F14-4CAA-AE73-DEA7999BF8C6}.Release|ARM.ActiveCfg = Release|ARM
		{8F7F3374-4F14-4CAA-AE73-DEA7999BF8C6}.Release|ARM.Build.0 = Release|ARM
		{8F7F3374-4F14-4CAA-AE73-DEA7999BF8C6}.Release|ARM.Deploy.0 = Release|ARM
		{8F7F3374-4F14-4CAA-AE73-DEA7999BF8C6}.Release|iPhone.ActiveCfg = Release|Any CPU
		{8F7F3374-4F14-4CAA-AE73-DEA7999BF8C6}.Release|iPhoneSimulator.ActiveCfg = Release|Any CPU
		{8F7F3374-4F14-4CAA-AE73-DEA7999BF8C6}.Release|Mixed Platforms.ActiveCfg = Release|x86
		{8F7F3374-4F14-4CAA-AE73-DEA7999BF8C6}.Release|Mixed Platforms.Build.0 = Release|x86
		{8F7F3374-4F14-4CAA-AE73-DEA7999BF8C6}.Release|Mixed Platforms.Deploy.0 = Release|x86
		{8F7F3374-4F14-4CAA-AE73-DEA7999BF8C6}.Release|x86.ActiveCfg = Release|x86
		{8F7F3374-4F14-4CAA-AE73-DEA7999BF8C6}.Release|x86.Build.0 = Release|x86
		{8F7F3374-4F14-4CAA-AE73-DEA7999BF8C6}.Release|x86.Deploy.0 = Release|x86
		{89E01C7E-E322-4FD1-BC42-7D274575269D}.Ad-Hoc|Any CPU.ActiveCfg = Release|Any CPU
		{89E01C7E-E322-4FD1-BC42-7D274575269D}.Ad-Hoc|Any CPU.Build.0 = Release|Any CPU
		{89E01C7E-E322-4FD1-BC42-7D274575269D}.Ad-Hoc|ARM.ActiveCfg = Release|Any CPU
		{89E01C7E-E322-4FD1-BC42-7D274575269D}.Ad-Hoc|iPhone.ActiveCfg = Release|Any CPU
		{89E01C7E-E322-4FD1-BC42-7D274575269D}.Ad-Hoc|iPhoneSimulator.ActiveCfg = Release|Any CPU
		{89E01C7E-E322-4FD1-BC42-7D274575269D}.Ad-Hoc|Mixed Platforms.ActiveCfg = Release|Any CPU
		{89E01C7E-E322-4FD1-BC42-7D274575269D}.Ad-Hoc|Mixed Platforms.Build.0 = Release|Any CPU
		{89E01C7E-E322-4FD1-BC42-7D274575269D}.Ad-Hoc|x86.ActiveCfg = Release|Any CPU
		{89E01C7E-E322-4FD1-BC42-7D274575269D}.AppStore|Any CPU.ActiveCfg = Release|Any CPU
		{89E01C7E-E322-4FD1-BC42-7D274575269D}.AppStore|Any CPU.Build.0 = Release|Any CPU
		{89E01C7E-E322-4FD1-BC42-7D274575269D}.AppStore|ARM.ActiveCfg = Release|Any CPU
		{89E01C7E-E322-4FD1-BC42-7D274575269D}.AppStore|iPhone.ActiveCfg = Release|Any CPU
		{89E01C7E-E322-4FD1-BC42-7D274575269D}.AppStore|iPhoneSimulator.ActiveCfg = Release|Any CPU
		{89E01C7E-E322-4FD1-BC42-7D274575269D}.AppStore|Mixed Platforms.ActiveCfg = Release|Any CPU
		{89E01C7E-E322-4FD1-BC42-7D274575269D}.AppStore|Mixed Platforms.Build.0 = Release|Any CPU
		{89E01C7E-E322-4FD1-BC42-7D274575269D}.AppStore|x86.ActiveCfg = Release|Any CPU
		{89E01C7E-E322-4FD1-BC42-7D274575269D}.Debug|Any CPU.ActiveCfg = Debug|Any CPU
		{89E01C7E-E322-4FD1-BC42-7D274575269D}.Debug|Any CPU.Build.0 = Debug|Any CPU
		{89E01C7E-E322-4FD1-BC42-7D274575269D}.Debug|ARM.ActiveCfg = Debug|Any CPU
		{89E01C7E-E322-4FD1-BC42-7D274575269D}.Debug|iPhone.ActiveCfg = Debug|Any CPU
		{89E01C7E-E322-4FD1-BC42-7D274575269D}.Debug|iPhoneSimulator.ActiveCfg = Debug|Any CPU
		{89E01C7E-E322-4FD1-BC42-7D274575269D}.Debug|Mixed Platforms.ActiveCfg = Debug|Any CPU
		{89E01C7E-E322-4FD1-BC42-7D274575269D}.Debug|Mixed Platforms.Build.0 = Debug|Any CPU
		{89E01C7E-E322-4FD1-BC42-7D274575269D}.Debug|x86.ActiveCfg = Debug|Any CPU
		{89E01C7E-E322-4FD1-BC42-7D274575269D}.Release|Any CPU.ActiveCfg = Release|Any CPU
		{89E01C7E-E322-4FD1-BC42-7D274575269D}.Release|Any CPU.Build.0 = Release|Any CPU
		{89E01C7E-E322-4FD1-BC42-7D274575269D}.Release|ARM.ActiveCfg = Release|Any CPU
		{89E01C7E-E322-4FD1-BC42-7D274575269D}.Release|iPhone.ActiveCfg = Release|Any CPU
		{89E01C7E-E322-4FD1-BC42-7D274575269D}.Release|iPhoneSimulator.ActiveCfg = Release|Any CPU
		{89E01C7E-E322-4FD1-BC42-7D274575269D}.Release|Mixed Platforms.ActiveCfg = Release|Any CPU
		{89E01C7E-E322-4FD1-BC42-7D274575269D}.Release|Mixed Platforms.Build.0 = Release|Any CPU
		{89E01C7E-E322-4FD1-BC42-7D274575269D}.Release|x86.ActiveCfg = Release|Any CPU
		{701737C6-EA8C-4143-9ED6-C0C7F762DEDA}.Ad-Hoc|Any CPU.ActiveCfg = Ad-Hoc|iPhone
		{701737C6-EA8C-4143-9ED6-C0C7F762DEDA}.Ad-Hoc|ARM.ActiveCfg = Ad-Hoc|iPhone
		{701737C6-EA8C-4143-9ED6-C0C7F762DEDA}.Ad-Hoc|iPhone.ActiveCfg = Ad-Hoc|iPhone
		{701737C6-EA8C-4143-9ED6-C0C7F762DEDA}.Ad-Hoc|iPhone.Build.0 = Ad-Hoc|iPhone
		{701737C6-EA8C-4143-9ED6-C0C7F762DEDA}.Ad-Hoc|iPhoneSimulator.ActiveCfg = Ad-Hoc|iPhoneSimulator
		{701737C6-EA8C-4143-9ED6-C0C7F762DEDA}.Ad-Hoc|iPhoneSimulator.Build.0 = Ad-Hoc|iPhoneSimulator
		{701737C6-EA8C-4143-9ED6-C0C7F762DEDA}.Ad-Hoc|Mixed Platforms.ActiveCfg = Ad-Hoc|iPhone
		{701737C6-EA8C-4143-9ED6-C0C7F762DEDA}.Ad-Hoc|Mixed Platforms.Build.0 = Ad-Hoc|iPhone
		{701737C6-EA8C-4143-9ED6-C0C7F762DEDA}.Ad-Hoc|x86.ActiveCfg = Ad-Hoc|iPhone
		{701737C6-EA8C-4143-9ED6-C0C7F762DEDA}.AppStore|Any CPU.ActiveCfg = AppStore|iPhone
		{701737C6-EA8C-4143-9ED6-C0C7F762DEDA}.AppStore|ARM.ActiveCfg = AppStore|iPhone
		{701737C6-EA8C-4143-9ED6-C0C7F762DEDA}.AppStore|iPhone.ActiveCfg = AppStore|iPhone
		{701737C6-EA8C-4143-9ED6-C0C7F762DEDA}.AppStore|iPhone.Build.0 = AppStore|iPhone
		{701737C6-EA8C-4143-9ED6-C0C7F762DEDA}.AppStore|iPhoneSimulator.ActiveCfg = AppStore|iPhoneSimulator
		{701737C6-EA8C-4143-9ED6-C0C7F762DEDA}.AppStore|iPhoneSimulator.Build.0 = AppStore|iPhoneSimulator
		{701737C6-EA8C-4143-9ED6-C0C7F762DEDA}.AppStore|Mixed Platforms.ActiveCfg = AppStore|iPhone
		{701737C6-EA8C-4143-9ED6-C0C7F762DEDA}.AppStore|Mixed Platforms.Build.0 = AppStore|iPhone
		{701737C6-EA8C-4143-9ED6-C0C7F762DEDA}.AppStore|x86.ActiveCfg = AppStore|iPhone
		{701737C6-EA8C-4143-9ED6-C0C7F762DEDA}.Debug|Any CPU.ActiveCfg = Debug|iPhone
		{701737C6-EA8C-4143-9ED6-C0C7F762DEDA}.Debug|ARM.ActiveCfg = Debug|iPhone
		{701737C6-EA8C-4143-9ED6-C0C7F762DEDA}.Debug|iPhone.ActiveCfg = Debug|iPhone
		{701737C6-EA8C-4143-9ED6-C0C7F762DEDA}.Debug|iPhone.Build.0 = Debug|iPhone
		{701737C6-EA8C-4143-9ED6-C0C7F762DEDA}.Debug|iPhoneSimulator.ActiveCfg = Debug|iPhoneSimulator
		{701737C6-EA8C-4143-9ED6-C0C7F762DEDA}.Debug|iPhoneSimulator.Build.0 = Debug|iPhoneSimulator
		{701737C6-EA8C-4143-9ED6-C0C7F762DEDA}.Debug|Mixed Platforms.ActiveCfg = Debug|iPhone
		{701737C6-EA8C-4143-9ED6-C0C7F762DEDA}.Debug|Mixed Platforms.Build.0 = Debug|iPhone
		{701737C6-EA8C-4143-9ED6-C0C7F762DEDA}.Debug|x86.ActiveCfg = Debug|iPhone
		{701737C6-EA8C-4143-9ED6-C0C7F762DEDA}.Release|Any CPU.ActiveCfg = Release|iPhone
		{701737C6-EA8C-4143-9ED6-C0C7F762DEDA}.Release|ARM.ActiveCfg = Release|iPhone
		{701737C6-EA8C-4143-9ED6-C0C7F762DEDA}.Release|iPhone.ActiveCfg = Release|iPhone
		{701737C6-EA8C-4143-9ED6-C0C7F762DEDA}.Release|iPhone.Build.0 = Release|iPhone
		{701737C6-EA8C-4143-9ED6-C0C7F762DEDA}.Release|iPhoneSimulator.ActiveCfg = Release|iPhoneSimulator
		{701737C6-EA8C-4143-9ED6-C0C7F762DEDA}.Release|iPhoneSimulator.Build.0 = Release|iPhoneSimulator
		{701737C6-EA8C-4143-9ED6-C0C7F762DEDA}.Release|Mixed Platforms.ActiveCfg = Release|iPhone
		{701737C6-EA8C-4143-9ED6-C0C7F762DEDA}.Release|Mixed Platforms.Build.0 = Release|iPhone
		{701737C6-EA8C-4143-9ED6-C0C7F762DEDA}.Release|x86.ActiveCfg = Release|iPhone
		{3283435D-DCD3-4CB4-BE07-CB2A4BFFF34B}.Ad-Hoc|Any CPU.ActiveCfg = Release|Any CPU
		{3283435D-DCD3-4CB4-BE07-CB2A4BFFF34B}.Ad-Hoc|Any CPU.Build.0 = Release|Any CPU
		{3283435D-DCD3-4CB4-BE07-CB2A4BFFF34B}.Ad-Hoc|Any CPU.Deploy.0 = Release|Any CPU
		{3283435D-DCD3-4CB4-BE07-CB2A4BFFF34B}.Ad-Hoc|ARM.ActiveCfg = Release|Any CPU
		{3283435D-DCD3-4CB4-BE07-CB2A4BFFF34B}.Ad-Hoc|iPhone.ActiveCfg = Release|Any CPU
		{3283435D-DCD3-4CB4-BE07-CB2A4BFFF34B}.Ad-Hoc|iPhoneSimulator.ActiveCfg = Release|Any CPU
		{3283435D-DCD3-4CB4-BE07-CB2A4BFFF34B}.Ad-Hoc|Mixed Platforms.ActiveCfg = Release|Any CPU
		{3283435D-DCD3-4CB4-BE07-CB2A4BFFF34B}.Ad-Hoc|Mixed Platforms.Build.0 = Release|Any CPU
		{3283435D-DCD3-4CB4-BE07-CB2A4BFFF34B}.Ad-Hoc|Mixed Platforms.Deploy.0 = Release|Any CPU
		{3283435D-DCD3-4CB4-BE07-CB2A4BFFF34B}.Ad-Hoc|x86.ActiveCfg = Release|Any CPU
		{3283435D-DCD3-4CB4-BE07-CB2A4BFFF34B}.AppStore|Any CPU.ActiveCfg = Release|Any CPU
		{3283435D-DCD3-4CB4-BE07-CB2A4BFFF34B}.AppStore|Any CPU.Build.0 = Release|Any CPU
		{3283435D-DCD3-4CB4-BE07-CB2A4BFFF34B}.AppStore|Any CPU.Deploy.0 = Release|Any CPU
		{3283435D-DCD3-4CB4-BE07-CB2A4BFFF34B}.AppStore|ARM.ActiveCfg = Release|Any CPU
		{3283435D-DCD3-4CB4-BE07-CB2A4BFFF34B}.AppStore|iPhone.ActiveCfg = Release|Any CPU
		{3283435D-DCD3-4CB4-BE07-CB2A4BFFF34B}.AppStore|iPhoneSimulator.ActiveCfg = Release|Any CPU
		{3283435D-DCD3-4CB4-BE07-CB2A4BFFF34B}.AppStore|Mixed Platforms.ActiveCfg = Release|Any CPU
		{3283435D-DCD3-4CB4-BE07-CB2A4BFFF34B}.AppStore|Mixed Platforms.Build.0 = Release|Any CPU
		{3283435D-DCD3-4CB4-BE07-CB2A4BFFF34B}.AppStore|Mixed Platforms.Deploy.0 = Release|Any CPU
		{3283435D-DCD3-4CB4-BE07-CB2A4BFFF34B}.AppStore|x86.ActiveCfg = Release|Any CPU
		{3283435D-DCD3-4CB4-BE07-CB2A4BFFF34B}.Debug|Any CPU.ActiveCfg = Debug|Any CPU
		{3283435D-DCD3-4CB4-BE07-CB2A4BFFF34B}.Debug|Any CPU.Build.0 = Debug|Any CPU
		{3283435D-DCD3-4CB4-BE07-CB2A4BFFF34B}.Debug|Any CPU.Deploy.0 = Debug|Any CPU
		{3283435D-DCD3-4CB4-BE07-CB2A4BFFF34B}.Debug|ARM.ActiveCfg = Debug|Any CPU
		{3283435D-DCD3-4CB4-BE07-CB2A4BFFF34B}.Debug|iPhone.ActiveCfg = Debug|Any CPU
		{3283435D-DCD3-4CB4-BE07-CB2A4BFFF34B}.Debug|iPhoneSimulator.ActiveCfg = Debug|Any CPU
		{3283435D-DCD3-4CB4-BE07-CB2A4BFFF34B}.Debug|Mixed Platforms.ActiveCfg = Debug|Any CPU
		{3283435D-DCD3-4CB4-BE07-CB2A4BFFF34B}.Debug|Mixed Platforms.Build.0 = Debug|Any CPU
		{3283435D-DCD3-4CB4-BE07-CB2A4BFFF34B}.Debug|Mixed Platforms.Deploy.0 = Debug|Any CPU
		{3283435D-DCD3-4CB4-BE07-CB2A4BFFF34B}.Debug|x86.ActiveCfg = Debug|Any CPU
		{3283435D-DCD3-4CB4-BE07-CB2A4BFFF34B}.Release|Any CPU.ActiveCfg = Release|Any CPU
		{3283435D-DCD3-4CB4-BE07-CB2A4BFFF34B}.Release|Any CPU.Build.0 = Release|Any CPU
		{3283435D-DCD3-4CB4-BE07-CB2A4BFFF34B}.Release|Any CPU.Deploy.0 = Release|Any CPU
		{3283435D-DCD3-4CB4-BE07-CB2A4BFFF34B}.Release|ARM.ActiveCfg = Release|Any CPU
		{3283435D-DCD3-4CB4-BE07-CB2A4BFFF34B}.Release|iPhone.ActiveCfg = Release|Any CPU
		{3283435D-DCD3-4CB4-BE07-CB2A4BFFF34B}.Release|iPhoneSimulator.ActiveCfg = Release|Any CPU
		{3283435D-DCD3-4CB4-BE07-CB2A4BFFF34B}.Release|Mixed Platforms.ActiveCfg = Release|Any CPU
		{3283435D-DCD3-4CB4-BE07-CB2A4BFFF34B}.Release|Mixed Platforms.Build.0 = Release|Any CPU
		{3283435D-DCD3-4CB4-BE07-CB2A4BFFF34B}.Release|Mixed Platforms.Deploy.0 = Release|Any CPU
		{3283435D-DCD3-4CB4-BE07-CB2A4BFFF34B}.Release|x86.ActiveCfg = Release|Any CPU
		{6E5F6269-277C-4D53-955A-E535AC0313FB}.Ad-Hoc|Any CPU.ActiveCfg = Release|Any CPU
		{6E5F6269-277C-4D53-955A-E535AC0313FB}.Ad-Hoc|Any CPU.Build.0 = Release|Any CPU
		{6E5F6269-277C-4D53-955A-E535AC0313FB}.Ad-Hoc|Any CPU.Deploy.0 = Release|Any CPU
		{6E5F6269-277C-4D53-955A-E535AC0313FB}.Ad-Hoc|ARM.ActiveCfg = Release|ARM
		{6E5F6269-277C-4D53-955A-E535AC0313FB}.Ad-Hoc|ARM.Build.0 = Release|ARM
		{6E5F6269-277C-4D53-955A-E535AC0313FB}.Ad-Hoc|ARM.Deploy.0 = Release|ARM
		{6E5F6269-277C-4D53-955A-E535AC0313FB}.Ad-Hoc|iPhone.ActiveCfg = Release|Any CPU
		{6E5F6269-277C-4D53-955A-E535AC0313FB}.Ad-Hoc|iPhoneSimulator.ActiveCfg = Release|Any CPU
		{6E5F6269-277C-4D53-955A-E535AC0313FB}.Ad-Hoc|Mixed Platforms.ActiveCfg = Release|x86
		{6E5F6269-277C-4D53-955A-E535AC0313FB}.Ad-Hoc|Mixed Platforms.Build.0 = Release|x86
		{6E5F6269-277C-4D53-955A-E535AC0313FB}.Ad-Hoc|Mixed Platforms.Deploy.0 = Release|x86
		{6E5F6269-277C-4D53-955A-E535AC0313FB}.Ad-Hoc|x86.ActiveCfg = Release|x86
		{6E5F6269-277C-4D53-955A-E535AC0313FB}.Ad-Hoc|x86.Build.0 = Release|x86
		{6E5F6269-277C-4D53-955A-E535AC0313FB}.Ad-Hoc|x86.Deploy.0 = Release|x86
		{6E5F6269-277C-4D53-955A-E535AC0313FB}.AppStore|Any CPU.ActiveCfg = Release|Any CPU
		{6E5F6269-277C-4D53-955A-E535AC0313FB}.AppStore|Any CPU.Build.0 = Release|Any CPU
		{6E5F6269-277C-4D53-955A-E535AC0313FB}.AppStore|Any CPU.Deploy.0 = Release|Any CPU
		{6E5F6269-277C-4D53-955A-E535AC0313FB}.AppStore|ARM.ActiveCfg = Release|ARM
		{6E5F6269-277C-4D53-955A-E535AC0313FB}.AppStore|ARM.Build.0 = Release|ARM
		{6E5F6269-277C-4D53-955A-E535AC0313FB}.AppStore|ARM.Deploy.0 = Release|ARM
		{6E5F6269-277C-4D53-955A-E535AC0313FB}.AppStore|iPhone.ActiveCfg = Release|Any CPU
		{6E5F6269-277C-4D53-955A-E535AC0313FB}.AppStore|iPhoneSimulator.ActiveCfg = Release|Any CPU
		{6E5F6269-277C-4D53-955A-E535AC0313FB}.AppStore|Mixed Platforms.ActiveCfg = Release|x86
		{6E5F6269-277C-4D53-955A-E535AC0313FB}.AppStore|Mixed Platforms.Build.0 = Release|x86
		{6E5F6269-277C-4D53-955A-E535AC0313FB}.AppStore|Mixed Platforms.Deploy.0 = Release|x86
		{6E5F6269-277C-4D53-955A-E535AC0313FB}.AppStore|x86.ActiveCfg = Release|x86
		{6E5F6269-277C-4D53-955A-E535AC0313FB}.AppStore|x86.Build.0 = Release|x86
		{6E5F6269-277C-4D53-955A-E535AC0313FB}.AppStore|x86.Deploy.0 = Release|x86
		{6E5F6269-277C-4D53-955A-E535AC0313FB}.Debug|Any CPU.ActiveCfg = Debug|Any CPU
		{6E5F6269-277C-4D53-955A-E535AC0313FB}.Debug|Any CPU.Build.0 = Debug|Any CPU
		{6E5F6269-277C-4D53-955A-E535AC0313FB}.Debug|Any CPU.Deploy.0 = Debug|Any CPU
		{6E5F6269-277C-4D53-955A-E535AC0313FB}.Debug|ARM.ActiveCfg = Debug|ARM
		{6E5F6269-277C-4D53-955A-E535AC0313FB}.Debug|ARM.Build.0 = Debug|ARM
		{6E5F6269-277C-4D53-955A-E535AC0313FB}.Debug|ARM.Deploy.0 = Debug|ARM
		{6E5F6269-277C-4D53-955A-E535AC0313FB}.Debug|iPhone.ActiveCfg = Debug|Any CPU
		{6E5F6269-277C-4D53-955A-E535AC0313FB}.Debug|iPhoneSimulator.ActiveCfg = Debug|Any CPU
		{6E5F6269-277C-4D53-955A-E535AC0313FB}.Debug|Mixed Platforms.ActiveCfg = Debug|x86
		{6E5F6269-277C-4D53-955A-E535AC0313FB}.Debug|Mixed Platforms.Build.0 = Debug|x86
		{6E5F6269-277C-4D53-955A-E535AC0313FB}.Debug|Mixed Platforms.Deploy.0 = Debug|x86
		{6E5F6269-277C-4D53-955A-E535AC0313FB}.Debug|x86.ActiveCfg = Debug|x86
		{6E5F6269-277C-4D53-955A-E535AC0313FB}.Debug|x86.Build.0 = Debug|x86
		{6E5F6269-277C-4D53-955A-E535AC0313FB}.Debug|x86.Deploy.0 = Debug|x86
		{6E5F6269-277C-4D53-955A-E535AC0313FB}.Release|Any CPU.ActiveCfg = Release|Any CPU
		{6E5F6269-277C-4D53-955A-E535AC0313FB}.Release|Any CPU.Build.0 = Release|Any CPU
		{6E5F6269-277C-4D53-955A-E535AC0313FB}.Release|Any CPU.Deploy.0 = Release|Any CPU
		{6E5F6269-277C-4D53-955A-E535AC0313FB}.Release|ARM.ActiveCfg = Release|ARM
		{6E5F6269-277C-4D53-955A-E535AC0313FB}.Release|ARM.Build.0 = Release|ARM
		{6E5F6269-277C-4D53-955A-E535AC0313FB}.Release|ARM.Deploy.0 = Release|ARM
		{6E5F6269-277C-4D53-955A-E535AC0313FB}.Release|iPhone.ActiveCfg = Release|Any CPU
		{6E5F6269-277C-4D53-955A-E535AC0313FB}.Release|iPhoneSimulator.ActiveCfg = Release|Any CPU
		{6E5F6269-277C-4D53-955A-E535AC0313FB}.Release|Mixed Platforms.ActiveCfg = Release|x86
		{6E5F6269-277C-4D53-955A-E535AC0313FB}.Release|Mixed Platforms.Build.0 = Release|x86
		{6E5F6269-277C-4D53-955A-E535AC0313FB}.Release|Mixed Platforms.Deploy.0 = Release|x86
		{6E5F6269-277C-4D53-955A-E535AC0313FB}.Release|x86.ActiveCfg = Release|x86
		{6E5F6269-277C-4D53-955A-E535AC0313FB}.Release|x86.Build.0 = Release|x86
		{6E5F6269-277C-4D53-955A-E535AC0313FB}.Release|x86.Deploy.0 = Release|x86
		{67F9D3A8-F71E-4428-913F-C37AE82CDB24}.Ad-Hoc|Any CPU.ActiveCfg = Release|Any CPU
		{67F9D3A8-F71E-4428-913F-C37AE82CDB24}.Ad-Hoc|Any CPU.Build.0 = Release|Any CPU
		{67F9D3A8-F71E-4428-913F-C37AE82CDB24}.Ad-Hoc|ARM.ActiveCfg = Release|Any CPU
		{67F9D3A8-F71E-4428-913F-C37AE82CDB24}.Ad-Hoc|iPhone.ActiveCfg = Release|Any CPU
		{67F9D3A8-F71E-4428-913F-C37AE82CDB24}.Ad-Hoc|iPhoneSimulator.ActiveCfg = Release|Any CPU
		{67F9D3A8-F71E-4428-913F-C37AE82CDB24}.Ad-Hoc|Mixed Platforms.ActiveCfg = Release|Any CPU
		{67F9D3A8-F71E-4428-913F-C37AE82CDB24}.Ad-Hoc|Mixed Platforms.Build.0 = Release|Any CPU
		{67F9D3A8-F71E-4428-913F-C37AE82CDB24}.Ad-Hoc|x86.ActiveCfg = Release|Any CPU
		{67F9D3A8-F71E-4428-913F-C37AE82CDB24}.AppStore|Any CPU.ActiveCfg = Release|Any CPU
		{67F9D3A8-F71E-4428-913F-C37AE82CDB24}.AppStore|Any CPU.Build.0 = Release|Any CPU
		{67F9D3A8-F71E-4428-913F-C37AE82CDB24}.AppStore|ARM.ActiveCfg = Release|Any CPU
		{67F9D3A8-F71E-4428-913F-C37AE82CDB24}.AppStore|iPhone.ActiveCfg = Release|Any CPU
		{67F9D3A8-F71E-4428-913F-C37AE82CDB24}.AppStore|iPhoneSimulator.ActiveCfg = Release|Any CPU
		{67F9D3A8-F71E-4428-913F-C37AE82CDB24}.AppStore|Mixed Platforms.ActiveCfg = Release|Any CPU
		{67F9D3A8-F71E-4428-913F-C37AE82CDB24}.AppStore|Mixed Platforms.Build.0 = Release|Any CPU
		{67F9D3A8-F71E-4428-913F-C37AE82CDB24}.AppStore|x86.ActiveCfg = Release|Any CPU
		{67F9D3A8-F71E-4428-913F-C37AE82CDB24}.Debug|Any CPU.ActiveCfg = Debug|Any CPU
		{67F9D3A8-F71E-4428-913F-C37AE82CDB24}.Debug|Any CPU.Build.0 = Debug|Any CPU
		{67F9D3A8-F71E-4428-913F-C37AE82CDB24}.Debug|ARM.ActiveCfg = Debug|Any CPU
		{67F9D3A8-F71E-4428-913F-C37AE82CDB24}.Debug|iPhone.ActiveCfg = Debug|Any CPU
		{67F9D3A8-F71E-4428-913F-C37AE82CDB24}.Debug|iPhoneSimulator.ActiveCfg = Debug|Any CPU
		{67F9D3A8-F71E-4428-913F-C37AE82CDB24}.Debug|Mixed Platforms.ActiveCfg = Debug|Any CPU
		{67F9D3A8-F71E-4428-913F-C37AE82CDB24}.Debug|Mixed Platforms.Build.0 = Debug|Any CPU
		{67F9D3A8-F71E-4428-913F-C37AE82CDB24}.Debug|x86.ActiveCfg = Debug|Any CPU
		{67F9D3A8-F71E-4428-913F-C37AE82CDB24}.Release|Any CPU.ActiveCfg = Release|Any CPU
		{67F9D3A8-F71E-4428-913F-C37AE82CDB24}.Release|Any CPU.Build.0 = Release|Any CPU
		{67F9D3A8-F71E-4428-913F-C37AE82CDB24}.Release|ARM.ActiveCfg = Release|Any CPU
		{67F9D3A8-F71E-4428-913F-C37AE82CDB24}.Release|iPhone.ActiveCfg = Release|Any CPU
		{67F9D3A8-F71E-4428-913F-C37AE82CDB24}.Release|iPhoneSimulator.ActiveCfg = Release|Any CPU
		{67F9D3A8-F71E-4428-913F-C37AE82CDB24}.Release|Mixed Platforms.ActiveCfg = Release|Any CPU
		{67F9D3A8-F71E-4428-913F-C37AE82CDB24}.Release|Mixed Platforms.Build.0 = Release|Any CPU
		{67F9D3A8-F71E-4428-913F-C37AE82CDB24}.Release|x86.ActiveCfg = Release|Any CPU
		{18A38D72-54B3-4555-92FC-59C03506D8DE}.Ad-Hoc|Any CPU.ActiveCfg = Release|Any CPU
		{18A38D72-54B3-4555-92FC-59C03506D8DE}.Ad-Hoc|Any CPU.Build.0 = Release|Any CPU
		{18A38D72-54B3-4555-92FC-59C03506D8DE}.Ad-Hoc|Any CPU.Deploy.0 = Release|Any CPU
		{18A38D72-54B3-4555-92FC-59C03506D8DE}.Ad-Hoc|ARM.ActiveCfg = Release|ARM
		{18A38D72-54B3-4555-92FC-59C03506D8DE}.Ad-Hoc|ARM.Build.0 = Release|ARM
		{18A38D72-54B3-4555-92FC-59C03506D8DE}.Ad-Hoc|ARM.Deploy.0 = Release|ARM
		{18A38D72-54B3-4555-92FC-59C03506D8DE}.Ad-Hoc|iPhone.ActiveCfg = Release|Any CPU
		{18A38D72-54B3-4555-92FC-59C03506D8DE}.Ad-Hoc|iPhoneSimulator.ActiveCfg = Release|Any CPU
		{18A38D72-54B3-4555-92FC-59C03506D8DE}.Ad-Hoc|Mixed Platforms.ActiveCfg = Release|x86
		{18A38D72-54B3-4555-92FC-59C03506D8DE}.Ad-Hoc|Mixed Platforms.Build.0 = Release|x86
		{18A38D72-54B3-4555-92FC-59C03506D8DE}.Ad-Hoc|Mixed Platforms.Deploy.0 = Release|x86
		{18A38D72-54B3-4555-92FC-59C03506D8DE}.Ad-Hoc|x86.ActiveCfg = Release|x86
		{18A38D72-54B3-4555-92FC-59C03506D8DE}.Ad-Hoc|x86.Build.0 = Release|x86
		{18A38D72-54B3-4555-92FC-59C03506D8DE}.Ad-Hoc|x86.Deploy.0 = Release|x86
		{18A38D72-54B3-4555-92FC-59C03506D8DE}.AppStore|Any CPU.ActiveCfg = Release|Any CPU
		{18A38D72-54B3-4555-92FC-59C03506D8DE}.AppStore|Any CPU.Build.0 = Release|Any CPU
		{18A38D72-54B3-4555-92FC-59C03506D8DE}.AppStore|Any CPU.Deploy.0 = Release|Any CPU
		{18A38D72-54B3-4555-92FC-59C03506D8DE}.AppStore|ARM.ActiveCfg = Release|ARM
		{18A38D72-54B3-4555-92FC-59C03506D8DE}.AppStore|ARM.Build.0 = Release|ARM
		{18A38D72-54B3-4555-92FC-59C03506D8DE}.AppStore|ARM.Deploy.0 = Release|ARM
		{18A38D72-54B3-4555-92FC-59C03506D8DE}.AppStore|iPhone.ActiveCfg = Release|Any CPU
		{18A38D72-54B3-4555-92FC-59C03506D8DE}.AppStore|iPhoneSimulator.ActiveCfg = Release|Any CPU
		{18A38D72-54B3-4555-92FC-59C03506D8DE}.AppStore|Mixed Platforms.ActiveCfg = Release|x86
		{18A38D72-54B3-4555-92FC-59C03506D8DE}.AppStore|Mixed Platforms.Build.0 = Release|x86
		{18A38D72-54B3-4555-92FC-59C03506D8DE}.AppStore|Mixed Platforms.Deploy.0 = Release|x86
		{18A38D72-54B3-4555-92FC-59C03506D8DE}.AppStore|x86.ActiveCfg = Release|x86
		{18A38D72-54B3-4555-92FC-59C03506D8DE}.AppStore|x86.Build.0 = Release|x86
		{18A38D72-54B3-4555-92FC-59C03506D8DE}.AppStore|x86.Deploy.0 = Release|x86
		{18A38D72-54B3-4555-92FC-59C03506D8DE}.Debug|Any CPU.ActiveCfg = Debug|Any CPU
		{18A38D72-54B3-4555-92FC-59C03506D8DE}.Debug|Any CPU.Build.0 = Debug|Any CPU
		{18A38D72-54B3-4555-92FC-59C03506D8DE}.Debug|Any CPU.Deploy.0 = Debug|Any CPU
		{18A38D72-54B3-4555-92FC-59C03506D8DE}.Debug|ARM.ActiveCfg = Debug|ARM
		{18A38D72-54B3-4555-92FC-59C03506D8DE}.Debug|ARM.Build.0 = Debug|ARM
		{18A38D72-54B3-4555-92FC-59C03506D8DE}.Debug|ARM.Deploy.0 = Debug|ARM
		{18A38D72-54B3-4555-92FC-59C03506D8DE}.Debug|iPhone.ActiveCfg = Debug|Any CPU
		{18A38D72-54B3-4555-92FC-59C03506D8DE}.Debug|iPhoneSimulator.ActiveCfg = Debug|Any CPU
		{18A38D72-54B3-4555-92FC-59C03506D8DE}.Debug|Mixed Platforms.ActiveCfg = Debug|x86
		{18A38D72-54B3-4555-92FC-59C03506D8DE}.Debug|Mixed Platforms.Build.0 = Debug|x86
		{18A38D72-54B3-4555-92FC-59C03506D8DE}.Debug|Mixed Platforms.Deploy.0 = Debug|x86
		{18A38D72-54B3-4555-92FC-59C03506D8DE}.Debug|x86.ActiveCfg = Debug|x86
		{18A38D72-54B3-4555-92FC-59C03506D8DE}.Debug|x86.Build.0 = Debug|x86
		{18A38D72-54B3-4555-92FC-59C03506D8DE}.Debug|x86.Deploy.0 = Debug|x86
		{18A38D72-54B3-4555-92FC-59C03506D8DE}.Release|Any CPU.ActiveCfg = Release|Any CPU
		{18A38D72-54B3-4555-92FC-59C03506D8DE}.Release|Any CPU.Build.0 = Release|Any CPU
		{18A38D72-54B3-4555-92FC-59C03506D8DE}.Release|Any CPU.Deploy.0 = Release|Any CPU
		{18A38D72-54B3-4555-92FC-59C03506D8DE}.Release|ARM.ActiveCfg = Release|ARM
		{18A38D72-54B3-4555-92FC-59C03506D8DE}.Release|ARM.Build.0 = Release|ARM
		{18A38D72-54B3-4555-92FC-59C03506D8DE}.Release|ARM.Deploy.0 = Release|ARM
		{18A38D72-54B3-4555-92FC-59C03506D8DE}.Release|iPhone.ActiveCfg = Release|Any CPU
		{18A38D72-54B3-4555-92FC-59C03506D8DE}.Release|iPhoneSimulator.ActiveCfg = Release|Any CPU
		{18A38D72-54B3-4555-92FC-59C03506D8DE}.Release|Mixed Platforms.ActiveCfg = Release|x86
		{18A38D72-54B3-4555-92FC-59C03506D8DE}.Release|Mixed Platforms.Build.0 = Release|x86
		{18A38D72-54B3-4555-92FC-59C03506D8DE}.Release|Mixed Platforms.Deploy.0 = Release|x86
		{18A38D72-54B3-4555-92FC-59C03506D8DE}.Release|x86.ActiveCfg = Release|x86
		{18A38D72-54B3-4555-92FC-59C03506D8DE}.Release|x86.Build.0 = Release|x86
		{18A38D72-54B3-4555-92FC-59C03506D8DE}.Release|x86.Deploy.0 = Release|x86
		{BC22C60E-4D9F-4255-BB49-680016D76326}.Ad-Hoc|Any CPU.ActiveCfg = Ad-Hoc|iPhone
		{BC22C60E-4D9F-4255-BB49-680016D76326}.Ad-Hoc|ARM.ActiveCfg = Ad-Hoc|iPhone
		{BC22C60E-4D9F-4255-BB49-680016D76326}.Ad-Hoc|iPhone.ActiveCfg = Ad-Hoc|iPhone
		{BC22C60E-4D9F-4255-BB49-680016D76326}.Ad-Hoc|iPhone.Build.0 = Ad-Hoc|iPhone
		{BC22C60E-4D9F-4255-BB49-680016D76326}.Ad-Hoc|iPhoneSimulator.ActiveCfg = Ad-Hoc|iPhoneSimulator
		{BC22C60E-4D9F-4255-BB49-680016D76326}.Ad-Hoc|iPhoneSimulator.Build.0 = Ad-Hoc|iPhoneSimulator
		{BC22C60E-4D9F-4255-BB49-680016D76326}.Ad-Hoc|Mixed Platforms.ActiveCfg = Ad-Hoc|iPhone
		{BC22C60E-4D9F-4255-BB49-680016D76326}.Ad-Hoc|Mixed Platforms.Build.0 = Ad-Hoc|iPhone
		{BC22C60E-4D9F-4255-BB49-680016D76326}.Ad-Hoc|x86.ActiveCfg = Ad-Hoc|iPhone
		{BC22C60E-4D9F-4255-BB49-680016D76326}.AppStore|Any CPU.ActiveCfg = AppStore|iPhone
		{BC22C60E-4D9F-4255-BB49-680016D76326}.AppStore|ARM.ActiveCfg = AppStore|iPhone
		{BC22C60E-4D9F-4255-BB49-680016D76326}.AppStore|iPhone.ActiveCfg = AppStore|iPhone
		{BC22C60E-4D9F-4255-BB49-680016D76326}.AppStore|iPhone.Build.0 = AppStore|iPhone
		{BC22C60E-4D9F-4255-BB49-680016D76326}.AppStore|iPhoneSimulator.ActiveCfg = AppStore|iPhoneSimulator
		{BC22C60E-4D9F-4255-BB49-680016D76326}.AppStore|iPhoneSimulator.Build.0 = AppStore|iPhoneSimulator
		{BC22C60E-4D9F-4255-BB49-680016D76326}.AppStore|Mixed Platforms.ActiveCfg = AppStore|iPhone
		{BC22C60E-4D9F-4255-BB49-680016D76326}.AppStore|Mixed Platforms.Build.0 = AppStore|iPhone
		{BC22C60E-4D9F-4255-BB49-680016D76326}.AppStore|x86.ActiveCfg = AppStore|iPhone
		{BC22C60E-4D9F-4255-BB49-680016D76326}.Debug|Any CPU.ActiveCfg = Debug|iPhone
		{BC22C60E-4D9F-4255-BB49-680016D76326}.Debug|ARM.ActiveCfg = Debug|iPhone
		{BC22C60E-4D9F-4255-BB49-680016D76326}.Debug|iPhone.ActiveCfg = Debug|iPhone
		{BC22C60E-4D9F-4255-BB49-680016D76326}.Debug|iPhone.Build.0 = Debug|iPhone
		{BC22C60E-4D9F-4255-BB49-680016D76326}.Debug|iPhoneSimulator.ActiveCfg = Debug|iPhoneSimulator
		{BC22C60E-4D9F-4255-BB49-680016D76326}.Debug|iPhoneSimulator.Build.0 = Debug|iPhoneSimulator
		{BC22C60E-4D9F-4255-BB49-680016D76326}.Debug|Mixed Platforms.ActiveCfg = Debug|iPhone
		{BC22C60E-4D9F-4255-BB49-680016D76326}.Debug|Mixed Platforms.Build.0 = Debug|iPhone
		{BC22C60E-4D9F-4255-BB49-680016D76326}.Debug|x86.ActiveCfg = Debug|iPhone
		{BC22C60E-4D9F-4255-BB49-680016D76326}.Release|Any CPU.ActiveCfg = Release|iPhone
		{BC22C60E-4D9F-4255-BB49-680016D76326}.Release|ARM.ActiveCfg = Release|iPhone
		{BC22C60E-4D9F-4255-BB49-680016D76326}.Release|iPhone.ActiveCfg = Release|iPhone
		{BC22C60E-4D9F-4255-BB49-680016D76326}.Release|iPhone.Build.0 = Release|iPhone
		{BC22C60E-4D9F-4255-BB49-680016D76326}.Release|iPhoneSimulator.ActiveCfg = Release|iPhoneSimulator
		{BC22C60E-4D9F-4255-BB49-680016D76326}.Release|iPhoneSimulator.Build.0 = Release|iPhoneSimulator
		{BC22C60E-4D9F-4255-BB49-680016D76326}.Release|Mixed Platforms.ActiveCfg = Release|iPhone
		{BC22C60E-4D9F-4255-BB49-680016D76326}.Release|Mixed Platforms.Build.0 = Release|iPhone
		{BC22C60E-4D9F-4255-BB49-680016D76326}.Release|x86.ActiveCfg = Release|iPhone
		{D9E8714E-0562-479B-ACAA-75155E032EC6}.Ad-Hoc|Any CPU.ActiveCfg = Release|Any CPU
		{D9E8714E-0562-479B-ACAA-75155E032EC6}.Ad-Hoc|Any CPU.Build.0 = Release|Any CPU
		{D9E8714E-0562-479B-ACAA-75155E032EC6}.Ad-Hoc|Any CPU.Deploy.0 = Release|Any CPU
		{D9E8714E-0562-479B-ACAA-75155E032EC6}.Ad-Hoc|ARM.ActiveCfg = Release|Any CPU
		{D9E8714E-0562-479B-ACAA-75155E032EC6}.Ad-Hoc|iPhone.ActiveCfg = Release|Any CPU
		{D9E8714E-0562-479B-ACAA-75155E032EC6}.Ad-Hoc|iPhoneSimulator.ActiveCfg = Release|Any CPU
		{D9E8714E-0562-479B-ACAA-75155E032EC6}.Ad-Hoc|Mixed Platforms.ActiveCfg = Release|Any CPU
		{D9E8714E-0562-479B-ACAA-75155E032EC6}.Ad-Hoc|Mixed Platforms.Build.0 = Release|Any CPU
		{D9E8714E-0562-479B-ACAA-75155E032EC6}.Ad-Hoc|Mixed Platforms.Deploy.0 = Release|Any CPU
		{D9E8714E-0562-479B-ACAA-75155E032EC6}.Ad-Hoc|x86.ActiveCfg = Release|Any CPU
		{D9E8714E-0562-479B-ACAA-75155E032EC6}.AppStore|Any CPU.ActiveCfg = Release|Any CPU
		{D9E8714E-0562-479B-ACAA-75155E032EC6}.AppStore|Any CPU.Build.0 = Release|Any CPU
		{D9E8714E-0562-479B-ACAA-75155E032EC6}.AppStore|Any CPU.Deploy.0 = Release|Any CPU
		{D9E8714E-0562-479B-ACAA-75155E032EC6}.AppStore|ARM.ActiveCfg = Release|Any CPU
		{D9E8714E-0562-479B-ACAA-75155E032EC6}.AppStore|iPhone.ActiveCfg = Release|Any CPU
		{D9E8714E-0562-479B-ACAA-75155E032EC6}.AppStore|iPhoneSimulator.ActiveCfg = Release|Any CPU
		{D9E8714E-0562-479B-ACAA-75155E032EC6}.AppStore|Mixed Platforms.ActiveCfg = Release|Any CPU
		{D9E8714E-0562-479B-ACAA-75155E032EC6}.AppStore|Mixed Platforms.Build.0 = Release|Any CPU
		{D9E8714E-0562-479B-ACAA-75155E032EC6}.AppStore|Mixed Platforms.Deploy.0 = Release|Any CPU
		{D9E8714E-0562-479B-ACAA-75155E032EC6}.AppStore|x86.ActiveCfg = Release|Any CPU
		{D9E8714E-0562-479B-ACAA-75155E032EC6}.Debug|Any CPU.ActiveCfg = Debug|Any CPU
		{D9E8714E-0562-479B-ACAA-75155E032EC6}.Debug|Any CPU.Build.0 = Debug|Any CPU
		{D9E8714E-0562-479B-ACAA-75155E032EC6}.Debug|Any CPU.Deploy.0 = Debug|Any CPU
		{D9E8714E-0562-479B-ACAA-75155E032EC6}.Debug|ARM.ActiveCfg = Debug|Any CPU
		{D9E8714E-0562-479B-ACAA-75155E032EC6}.Debug|iPhone.ActiveCfg = Debug|Any CPU
		{D9E8714E-0562-479B-ACAA-75155E032EC6}.Debug|iPhoneSimulator.ActiveCfg = Debug|Any CPU
		{D9E8714E-0562-479B-ACAA-75155E032EC6}.Debug|Mixed Platforms.ActiveCfg = Debug|Any CPU
		{D9E8714E-0562-479B-ACAA-75155E032EC6}.Debug|Mixed Platforms.Build.0 = Debug|Any CPU
		{D9E8714E-0562-479B-ACAA-75155E032EC6}.Debug|Mixed Platforms.Deploy.0 = Debug|Any CPU
		{D9E8714E-0562-479B-ACAA-75155E032EC6}.Debug|x86.ActiveCfg = Debug|Any CPU
		{D9E8714E-0562-479B-ACAA-75155E032EC6}.Release|Any CPU.ActiveCfg = Release|Any CPU
		{D9E8714E-0562-479B-ACAA-75155E032EC6}.Release|Any CPU.Build.0 = Release|Any CPU
		{D9E8714E-0562-479B-ACAA-75155E032EC6}.Release|Any CPU.Deploy.0 = Release|Any CPU
		{D9E8714E-0562-479B-ACAA-75155E032EC6}.Release|ARM.ActiveCfg = Release|Any CPU
		{D9E8714E-0562-479B-ACAA-75155E032EC6}.Release|iPhone.ActiveCfg = Release|Any CPU
		{D9E8714E-0562-479B-ACAA-75155E032EC6}.Release|iPhoneSimulator.ActiveCfg = Release|Any CPU
		{D9E8714E-0562-479B-ACAA-75155E032EC6}.Release|Mixed Platforms.ActiveCfg = Release|Any CPU
		{D9E8714E-0562-479B-ACAA-75155E032EC6}.Release|Mixed Platforms.Build.0 = Release|Any CPU
		{D9E8714E-0562-479B-ACAA-75155E032EC6}.Release|Mixed Platforms.Deploy.0 = Release|Any CPU
		{D9E8714E-0562-479B-ACAA-75155E032EC6}.Release|x86.ActiveCfg = Release|Any CPU
	EndGlobalSection
	GlobalSection(SolutionProperties) = preSolution
		HideSolutionNode = FALSE
	EndGlobalSection
	GlobalSection(NestedProjects) = preSolution
		{C48CD5F3-86E5-479B-A8D8-1EC62439380C} = {4AA1AFAF-AD2A-4590-A201-485B7649369E}
		{01766AC8-3B3D-4844-8487-171904D320D8} = {4AA1AFAF-AD2A-4590-A201-485B7649369E}
		{89E01C7E-E322-4FD1-BC42-7D274575269D} = {01766AC8-3B3D-4844-8487-171904D320D8}
		{701737C6-EA8C-4143-9ED6-C0C7F762DEDA} = {01766AC8-3B3D-4844-8487-171904D320D8}
		{3283435D-DCD3-4CB4-BE07-CB2A4BFFF34B} = {01766AC8-3B3D-4844-8487-171904D320D8}
		{6E5F6269-277C-4D53-955A-E535AC0313FB} = {01766AC8-3B3D-4844-8487-171904D320D8}
		{67F9D3A8-F71E-4428-913F-C37AE82CDB24} = {C48CD5F3-86E5-479B-A8D8-1EC62439380C}
		{6A26FF62-49FA-491A-B687-39C790EFE2BC} = {C0EE6275-D39C-4350-8906-09CA88A5B263}
		{90AD55BC-FC20-4B80-A265-0EC842A94573} = {6A26FF62-49FA-491A-B687-39C790EFE2BC}
		{18A38D72-54B3-4555-92FC-59C03506D8DE} = {6A26FF62-49FA-491A-B687-39C790EFE2BC}
		{BC22C60E-4D9F-4255-BB49-680016D76326} = {6A26FF62-49FA-491A-B687-39C790EFE2BC}
		{D9E8714E-0562-479B-ACAA-75155E032EC6} = {6A26FF62-49FA-491A-B687-39C790EFE2BC}
	EndGlobalSection
EndGlobal
