
Microsoft Visual Studio Solution File, Format Version 12.00
# Visual Studio 15
VisualStudioVersion = 15.0.27703.2042
MinimumVisualStudioVersion = 10.0.40219.1
Project("{2150E333-8FDC-42A3-9474-1A3956D46DE8}") = "Plugins", "Plugins", "{4AA1AFAF-AD2A-4590-A201-485B7649369E}"
EndProject
Project("{2150E333-8FDC-42A3-9474-1A3956D46DE8}") = "ScnPage.Plugin", "ScnPage.Plugin", "{C48CD5F3-86E5-479B-A8D8-1EC62439380C}"
EndProject
Project("{FAE04EC0-301F-11D3-BF4B-00C04F79EFBC}") = "ScnPage.Plugin", "Plugins\ScnPage.Plugin\ScnPage.Plugin.csproj", "{67F9D3A8-F71E-4428-913F-C37AE82CDB24}"
EndProject
Project("{2150E333-8FDC-42A3-9474-1A3956D46DE8}") = "Sample", "Sample", "{C0EE6275-D39C-4350-8906-09CA88A5B263}"
EndProject
Project("{2150E333-8FDC-42A3-9474-1A3956D46DE8}") = "SimpleSideMenu", "SimpleSideMenu", "{6A26FF62-49FA-491A-B687-39C790EFE2BC}"
EndProject
Project("{D954291E-2A0B-460D-934E-DC6B0785DB48}") = "SimpleSideMenu", "Sample\SimpleSideMenu\SimpleSideMenu\SimpleSideMenu.shproj", "{90AD55BC-FC20-4B80-A265-0EC842A94573}"
EndProject
Project("{FAE04EC0-301F-11D3-BF4B-00C04F79EFBC}") = "SimpleSideMenu.iOS", "Sample\SimpleSideMenu\SimpleSideMenu.iOS\SimpleSideMenu.iOS.csproj", "{BC22C60E-4D9F-4255-BB49-680016D76326}"
EndProject
Project("{FAE04EC0-301F-11D3-BF4B-00C04F79EFBC}") = "SimpleSideMenu.Droid", "Sample\SimpleSideMenu\SimpleSideMenu.Droid\SimpleSideMenu.Droid.csproj", "{D9E8714E-0562-479B-ACAA-75155E032EC6}"
EndProject
Project("{FAE04EC0-301F-11D3-BF4B-00C04F79EFBC}") = "ScnSideMenu", "ScnSideMenu\ScnSideMenu.csproj", "{F6E545A3-EF5D-4207-8414-55D40BD449E2}"
EndProject
Global
	GlobalSection(SharedMSBuildProjectFiles) = preSolution
		Sample\SimpleSideMenu\SimpleSideMenu\SimpleSideMenu.projitems*{90ad55bc-fc20-4b80-a265-0ec842a94573}*SharedItemsImports = 13
		Sample\SimpleSideMenu\SimpleSideMenu\SimpleSideMenu.projitems*{bc22c60e-4d9f-4255-bb49-680016d76326}*SharedItemsImports = 4
		Sample\SimpleSideMenu\SimpleSideMenu\SimpleSideMenu.projitems*{d9e8714e-0562-479b-acaa-75155e032ec6}*SharedItemsImports = 4
	EndGlobalSection
	GlobalSection(SolutionConfigurationPlatforms) = preSolution
		Ad-Hoc|Any CPU = Ad-Hoc|Any CPU
		Ad-Hoc|ARM = Ad-Hoc|ARM
		Ad-Hoc|iPhone = Ad-Hoc|iPhone
		Ad-Hoc|iPhoneSimulator = Ad-Hoc|iPhoneSimulator
		Ad-Hoc|Mixed Platforms = Ad-Hoc|Mixed Platforms
		Ad-Hoc|x86 = Ad-Hoc|x86
		AppStore|Any CPU = AppStore|Any CPU
		AppStore|ARM = AppStore|ARM
		AppStore|iPhone = AppStore|iPhone
		AppStore|iPhoneSimulator = AppStore|iPhoneSimulator
		AppStore|Mixed Platforms = AppStore|Mixed Platforms
		AppStore|x86 = AppStore|x86
		Debug|Any CPU = Debug|Any CPU
		Debug|ARM = Debug|ARM
		Debug|iPhone = Debug|iPhone
		Debug|iPhoneSimulator = Debug|iPhoneSimulator
		Debug|Mixed Platforms = Debug|Mixed Platforms
		Debug|x86 = Debug|x86
		Release|Any CPU = Release|Any CPU
		Release|ARM = Release|ARM
		Release|iPhone = Release|iPhone
		Release|iPhoneSimulator = Release|iPhoneSimulator
		Release|Mixed Platforms = Release|Mixed Platforms
		Release|x86 = Release|x86
	EndGlobalSection
	GlobalSection(ProjectConfigurationPlatforms) = postSolution
		{67F9D3A8-F71E-4428-913F-C37AE82CDB24}.Ad-Hoc|Any CPU.ActiveCfg = Release|Any CPU
		{67F9D3A8-F71E-4428-913F-C37AE82CDB24}.Ad-Hoc|Any CPU.Build.0 = Release|Any CPU
		{67F9D3A8-F71E-4428-913F-C37AE82CDB24}.Ad-Hoc|ARM.ActiveCfg = Release|Any CPU
		{67F9D3A8-F71E-4428-913F-C37AE82CDB24}.Ad-Hoc|iPhone.ActiveCfg = Release|Any CPU
		{67F9D3A8-F71E-4428-913F-C37AE82CDB24}.Ad-Hoc|iPhoneSimulator.ActiveCfg = Release|Any CPU
		{67F9D3A8-F71E-4428-913F-C37AE82CDB24}.Ad-Hoc|Mixed Platforms.ActiveCfg = Release|Any CPU
		{67F9D3A8-F71E-4428-913F-C37AE82CDB24}.Ad-Hoc|Mixed Platforms.Build.0 = Release|Any CPU
		{67F9D3A8-F71E-4428-913F-C37AE82CDB24}.Ad-Hoc|x86.ActiveCfg = Release|Any CPU
		{67F9D3A8-F71E-4428-913F-C37AE82CDB24}.AppStore|Any CPU.ActiveCfg = Release|Any CPU
		{67F9D3A8-F71E-4428-913F-C37AE82CDB24}.AppStore|Any CPU.Build.0 = Release|Any CPU
		{67F9D3A8-F71E-4428-913F-C37AE82CDB24}.AppStore|ARM.ActiveCfg = Release|Any CPU
		{67F9D3A8-F71E-4428-913F-C37AE82CDB24}.AppStore|iPhone.ActiveCfg = Release|Any CPU
		{67F9D3A8-F71E-4428-913F-C37AE82CDB24}.AppStore|iPhoneSimulator.ActiveCfg = Release|Any CPU
		{67F9D3A8-F71E-4428-913F-C37AE82CDB24}.AppStore|Mixed Platforms.ActiveCfg = Release|Any CPU
		{67F9D3A8-F71E-4428-913F-C37AE82CDB24}.AppStore|Mixed Platforms.Build.0 = Release|Any CPU
		{67F9D3A8-F71E-4428-913F-C37AE82CDB24}.AppStore|x86.ActiveCfg = Release|Any CPU
		{67F9D3A8-F71E-4428-913F-C37AE82CDB24}.Debug|Any CPU.ActiveCfg = Debug|Any CPU
		{67F9D3A8-F71E-4428-913F-C37AE82CDB24}.Debug|Any CPU.Build.0 = Debug|Any CPU
		{67F9D3A8-F71E-4428-913F-C37AE82CDB24}.Debug|ARM.ActiveCfg = Debug|Any CPU
		{67F9D3A8-F71E-4428-913F-C37AE82CDB24}.Debug|iPhone.ActiveCfg = Debug|Any CPU
		{67F9D3A8-F71E-4428-913F-C37AE82CDB24}.Debug|iPhoneSimulator.ActiveCfg = Debug|Any CPU
		{67F9D3A8-F71E-4428-913F-C37AE82CDB24}.Debug|iPhoneSimulator.Build.0 = Debug|Any CPU
		{67F9D3A8-F71E-4428-913F-C37AE82CDB24}.Debug|Mixed Platforms.ActiveCfg = Debug|Any CPU
		{67F9D3A8-F71E-4428-913F-C37AE82CDB24}.Debug|Mixed Platforms.Build.0 = Debug|Any CPU
		{67F9D3A8-F71E-4428-913F-C37AE82CDB24}.Debug|x86.ActiveCfg = Debug|Any CPU
		{67F9D3A8-F71E-4428-913F-C37AE82CDB24}.Release|Any CPU.ActiveCfg = Release|Any CPU
		{67F9D3A8-F71E-4428-913F-C37AE82CDB24}.Release|Any CPU.Build.0 = Release|Any CPU
		{67F9D3A8-F71E-4428-913F-C37AE82CDB24}.Release|ARM.ActiveCfg = Release|Any CPU
		{67F9D3A8-F71E-4428-913F-C37AE82CDB24}.Release|iPhone.ActiveCfg = Release|Any CPU
		{67F9D3A8-F71E-4428-913F-C37AE82CDB24}.Release|iPhoneSimulator.ActiveCfg = Release|Any CPU
		{67F9D3A8-F71E-4428-913F-C37AE82CDB24}.Release|Mixed Platforms.ActiveCfg = Release|Any CPU
		{67F9D3A8-F71E-4428-913F-C37AE82CDB24}.Release|Mixed Platforms.Build.0 = Release|Any CPU
		{67F9D3A8-F71E-4428-913F-C37AE82CDB24}.Release|x86.ActiveCfg = Release|Any CPU
		{BC22C60E-4D9F-4255-BB49-680016D76326}.Ad-Hoc|Any CPU.ActiveCfg = Ad-Hoc|iPhone
		{BC22C60E-4D9F-4255-BB49-680016D76326}.Ad-Hoc|ARM.ActiveCfg = Ad-Hoc|iPhone
		{BC22C60E-4D9F-4255-BB49-680016D76326}.Ad-Hoc|iPhone.ActiveCfg = Ad-Hoc|iPhone
		{BC22C60E-4D9F-4255-BB49-680016D76326}.Ad-Hoc|iPhone.Build.0 = Ad-Hoc|iPhone
		{BC22C60E-4D9F-4255-BB49-680016D76326}.Ad-Hoc|iPhoneSimulator.ActiveCfg = Ad-Hoc|iPhoneSimulator
		{BC22C60E-4D9F-4255-BB49-680016D76326}.Ad-Hoc|iPhoneSimulator.Build.0 = Ad-Hoc|iPhoneSimulator
		{BC22C60E-4D9F-4255-BB49-680016D76326}.Ad-Hoc|Mixed Platforms.ActiveCfg = Ad-Hoc|iPhone
		{BC22C60E-4D9F-4255-BB49-680016D76326}.Ad-Hoc|Mixed Platforms.Build.0 = Ad-Hoc|iPhone
		{BC22C60E-4D9F-4255-BB49-680016D76326}.Ad-Hoc|x86.ActiveCfg = Ad-Hoc|iPhone
		{BC22C60E-4D9F-4255-BB49-680016D76326}.AppStore|Any CPU.ActiveCfg = AppStore|iPhone
		{BC22C60E-4D9F-4255-BB49-680016D76326}.AppStore|ARM.ActiveCfg = AppStore|iPhone
		{BC22C60E-4D9F-4255-BB49-680016D76326}.AppStore|iPhone.ActiveCfg = AppStore|iPhone
		{BC22C60E-4D9F-4255-BB49-680016D76326}.AppStore|iPhone.Build.0 = AppStore|iPhone
		{BC22C60E-4D9F-4255-BB49-680016D76326}.AppStore|iPhoneSimulator.ActiveCfg = AppStore|iPhoneSimulator
		{BC22C60E-4D9F-4255-BB49-680016D76326}.AppStore|iPhoneSimulator.Build.0 = AppStore|iPhoneSimulator
		{BC22C60E-4D9F-4255-BB49-680016D76326}.AppStore|Mixed Platforms.ActiveCfg = AppStore|iPhone
		{BC22C60E-4D9F-4255-BB49-680016D76326}.AppStore|Mixed Platforms.Build.0 = AppStore|iPhone
		{BC22C60E-4D9F-4255-BB49-680016D76326}.AppStore|x86.ActiveCfg = AppStore|iPhone
		{BC22C60E-4D9F-4255-BB49-680016D76326}.Debug|Any CPU.ActiveCfg = Debug|iPhoneSimulator
		{BC22C60E-4D9F-4255-BB49-680016D76326}.Debug|ARM.ActiveCfg = Debug|iPhone
		{BC22C60E-4D9F-4255-BB49-680016D76326}.Debug|iPhone.ActiveCfg = Debug|iPhone
		{BC22C60E-4D9F-4255-BB49-680016D76326}.Debug|iPhone.Build.0 = Debug|iPhone
		{BC22C60E-4D9F-4255-BB49-680016D76326}.Debug|iPhoneSimulator.ActiveCfg = Debug|iPhoneSimulator
		{BC22C60E-4D9F-4255-BB49-680016D76326}.Debug|iPhoneSimulator.Build.0 = Debug|iPhoneSimulator
		{BC22C60E-4D9F-4255-BB49-680016D76326}.Debug|Mixed Platforms.ActiveCfg = Debug|iPhone
		{BC22C60E-4D9F-4255-BB49-680016D76326}.Debug|Mixed Platforms.Build.0 = Debug|iPhone
		{BC22C60E-4D9F-4255-BB49-680016D76326}.Debug|x86.ActiveCfg = Debug|iPhone
		{BC22C60E-4D9F-4255-BB49-680016D76326}.Release|Any CPU.ActiveCfg = Release|iPhone
		{BC22C60E-4D9F-4255-BB49-680016D76326}.Release|ARM.ActiveCfg = Release|iPhone
		{BC22C60E-4D9F-4255-BB49-680016D76326}.Release|iPhone.ActiveCfg = Release|iPhone
		{BC22C60E-4D9F-4255-BB49-680016D76326}.Release|iPhone.Build.0 = Release|iPhone
		{BC22C60E-4D9F-4255-BB49-680016D76326}.Release|iPhoneSimulator.ActiveCfg = Release|iPhoneSimulator
		{BC22C60E-4D9F-4255-BB49-680016D76326}.Release|iPhoneSimulator.Build.0 = Release|iPhoneSimulator
		{BC22C60E-4D9F-4255-BB49-680016D76326}.Release|Mixed Platforms.ActiveCfg = Release|iPhone
		{BC22C60E-4D9F-4255-BB49-680016D76326}.Release|Mixed Platforms.Build.0 = Release|iPhone
		{BC22C60E-4D9F-4255-BB49-680016D76326}.Release|x86.ActiveCfg = Release|iPhone
		{D9E8714E-0562-479B-ACAA-75155E032EC6}.Ad-Hoc|Any CPU.ActiveCfg = Release|Any CPU
		{D9E8714E-0562-479B-ACAA-75155E032EC6}.Ad-Hoc|Any CPU.Build.0 = Release|Any CPU
		{D9E8714E-0562-479B-ACAA-75155E032EC6}.Ad-Hoc|Any CPU.Deploy.0 = Release|Any CPU
		{D9E8714E-0562-479B-ACAA-75155E032EC6}.Ad-Hoc|ARM.ActiveCfg = Release|Any CPU
		{D9E8714E-0562-479B-ACAA-75155E032EC6}.Ad-Hoc|iPhone.ActiveCfg = Release|Any CPU
		{D9E8714E-0562-479B-ACAA-75155E032EC6}.Ad-Hoc|iPhoneSimulator.ActiveCfg = Release|Any CPU
		{D9E8714E-0562-479B-ACAA-75155E032EC6}.Ad-Hoc|Mixed Platforms.ActiveCfg = Release|Any CPU
		{D9E8714E-0562-479B-ACAA-75155E032EC6}.Ad-Hoc|Mixed Platforms.Build.0 = Release|Any CPU
		{D9E8714E-0562-479B-ACAA-75155E032EC6}.Ad-Hoc|Mixed Platforms.Deploy.0 = Release|Any CPU
		{D9E8714E-0562-479B-ACAA-75155E032EC6}.Ad-Hoc|x86.ActiveCfg = Release|Any CPU
		{D9E8714E-0562-479B-ACAA-75155E032EC6}.AppStore|Any CPU.ActiveCfg = Release|Any CPU
		{D9E8714E-0562-479B-ACAA-75155E032EC6}.AppStore|Any CPU.Build.0 = Release|Any CPU
		{D9E8714E-0562-479B-ACAA-75155E032EC6}.AppStore|Any CPU.Deploy.0 = Release|Any CPU
		{D9E8714E-0562-479B-ACAA-75155E032EC6}.AppStore|ARM.ActiveCfg = Release|Any CPU
		{D9E8714E-0562-479B-ACAA-75155E032EC6}.AppStore|iPhone.ActiveCfg = Release|Any CPU
		{D9E8714E-0562-479B-ACAA-75155E032EC6}.AppStore|iPhoneSimulator.ActiveCfg = Release|Any CPU
		{D9E8714E-0562-479B-ACAA-75155E032EC6}.AppStore|Mixed Platforms.ActiveCfg = Release|Any CPU
		{D9E8714E-0562-479B-ACAA-75155E032EC6}.AppStore|Mixed Platforms.Build.0 = Release|Any CPU
		{D9E8714E-0562-479B-ACAA-75155E032EC6}.AppStore|Mixed Platforms.Deploy.0 = Release|Any CPU
		{D9E8714E-0562-479B-ACAA-75155E032EC6}.AppStore|x86.ActiveCfg = Release|Any CPU
		{D9E8714E-0562-479B-ACAA-75155E032EC6}.Debug|Any CPU.ActiveCfg = Debug|Any CPU
		{D9E8714E-0562-479B-ACAA-75155E032EC6}.Debug|Any CPU.Build.0 = Debug|Any CPU
		{D9E8714E-0562-479B-ACAA-75155E032EC6}.Debug|Any CPU.Deploy.0 = Debug|Any CPU
		{D9E8714E-0562-479B-ACAA-75155E032EC6}.Debug|ARM.ActiveCfg = Debug|Any CPU
		{D9E8714E-0562-479B-ACAA-75155E032EC6}.Debug|iPhone.ActiveCfg = Debug|Any CPU
		{D9E8714E-0562-479B-ACAA-75155E032EC6}.Debug|iPhoneSimulator.ActiveCfg = Debug|Any CPU
		{D9E8714E-0562-479B-ACAA-75155E032EC6}.Debug|Mixed Platforms.ActiveCfg = Debug|Any CPU
		{D9E8714E-0562-479B-ACAA-75155E032EC6}.Debug|Mixed Platforms.Build.0 = Debug|Any CPU
		{D9E8714E-0562-479B-ACAA-75155E032EC6}.Debug|Mixed Platforms.Deploy.0 = Debug|Any CPU
		{D9E8714E-0562-479B-ACAA-75155E032EC6}.Debug|x86.ActiveCfg = Debug|Any CPU
		{D9E8714E-0562-479B-ACAA-75155E032EC6}.Release|Any CPU.ActiveCfg = Release|Any CPU
		{D9E8714E-0562-479B-ACAA-75155E032EC6}.Release|Any CPU.Build.0 = Release|Any CPU
		{D9E8714E-0562-479B-ACAA-75155E032EC6}.Release|Any CPU.Deploy.0 = Release|Any CPU
		{D9E8714E-0562-479B-ACAA-75155E032EC6}.Release|ARM.ActiveCfg = Release|Any CPU
		{D9E8714E-0562-479B-ACAA-75155E032EC6}.Release|iPhone.ActiveCfg = Release|Any CPU
		{D9E8714E-0562-479B-ACAA-75155E032EC6}.Release|iPhoneSimulator.ActiveCfg = Release|Any CPU
		{D9E8714E-0562-479B-ACAA-75155E032EC6}.Release|Mixed Platforms.ActiveCfg = Release|Any CPU
		{D9E8714E-0562-479B-ACAA-75155E032EC6}.Release|Mixed Platforms.Build.0 = Release|Any CPU
		{D9E8714E-0562-479B-ACAA-75155E032EC6}.Release|Mixed Platforms.Deploy.0 = Release|Any CPU
		{D9E8714E-0562-479B-ACAA-75155E032EC6}.Release|x86.ActiveCfg = Release|Any CPU
		{F6E545A3-EF5D-4207-8414-55D40BD449E2}.Ad-Hoc|Any CPU.ActiveCfg = Release|Any CPU
		{F6E545A3-EF5D-4207-8414-55D40BD449E2}.Ad-Hoc|Any CPU.Build.0 = Release|Any CPU
		{F6E545A3-EF5D-4207-8414-55D40BD449E2}.Ad-Hoc|ARM.ActiveCfg = Release|Any CPU
		{F6E545A3-EF5D-4207-8414-55D40BD449E2}.Ad-Hoc|iPhone.ActiveCfg = Release|Any CPU
		{F6E545A3-EF5D-4207-8414-55D40BD449E2}.Ad-Hoc|iPhoneSimulator.ActiveCfg = Release|Any CPU
		{F6E545A3-EF5D-4207-8414-55D40BD449E2}.Ad-Hoc|Mixed Platforms.ActiveCfg = Release|Any CPU
		{F6E545A3-EF5D-4207-8414-55D40BD449E2}.Ad-Hoc|Mixed Platforms.Build.0 = Release|Any CPU
		{F6E545A3-EF5D-4207-8414-55D40BD449E2}.Ad-Hoc|x86.ActiveCfg = Release|Any CPU
		{F6E545A3-EF5D-4207-8414-55D40BD449E2}.AppStore|Any CPU.ActiveCfg = Release|Any CPU
		{F6E545A3-EF5D-4207-8414-55D40BD449E2}.AppStore|Any CPU.Build.0 = Release|Any CPU
		{F6E545A3-EF5D-4207-8414-55D40BD449E2}.AppStore|ARM.ActiveCfg = Release|Any CPU
		{F6E545A3-EF5D-4207-8414-55D40BD449E2}.AppStore|iPhone.ActiveCfg = Release|Any CPU
		{F6E545A3-EF5D-4207-8414-55D40BD449E2}.AppStore|iPhoneSimulator.ActiveCfg = Release|Any CPU
		{F6E545A3-EF5D-4207-8414-55D40BD449E2}.AppStore|Mixed Platforms.ActiveCfg = Release|Any CPU
		{F6E545A3-EF5D-4207-8414-55D40BD449E2}.AppStore|Mixed Platforms.Build.0 = Release|Any CPU
		{F6E545A3-EF5D-4207-8414-55D40BD449E2}.AppStore|x86.ActiveCfg = Release|Any CPU
		{F6E545A3-EF5D-4207-8414-55D40BD449E2}.Debug|Any CPU.ActiveCfg = Debug|Any CPU
		{F6E545A3-EF5D-4207-8414-55D40BD449E2}.Debug|Any CPU.Build.0 = Debug|Any CPU
		{F6E545A3-EF5D-4207-8414-55D40BD449E2}.Debug|ARM.ActiveCfg = Debug|Any CPU
		{F6E545A3-EF5D-4207-8414-55D40BD449E2}.Debug|iPhone.ActiveCfg = Debug|Any CPU
		{F6E545A3-EF5D-4207-8414-55D40BD449E2}.Debug|iPhoneSimulator.ActiveCfg = Debug|Any CPU
		{F6E545A3-EF5D-4207-8414-55D40BD449E2}.Debug|iPhoneSimulator.Build.0 = Debug|Any CPU
		{F6E545A3-EF5D-4207-8414-55D40BD449E2}.Debug|Mixed Platforms.ActiveCfg = Debug|Any CPU
		{F6E545A3-EF5D-4207-8414-55D40BD449E2}.Debug|Mixed Platforms.Build.0 = Debug|Any CPU
		{F6E545A3-EF5D-4207-8414-55D40BD449E2}.Debug|x86.ActiveCfg = Debug|Any CPU
		{F6E545A3-EF5D-4207-8414-55D40BD449E2}.Release|Any CPU.ActiveCfg = Release|Any CPU
		{F6E545A3-EF5D-4207-8414-55D40BD449E2}.Release|Any CPU.Build.0 = Release|Any CPU
		{F6E545A3-EF5D-4207-8414-55D40BD449E2}.Release|ARM.ActiveCfg = Release|Any CPU
		{F6E545A3-EF5D-4207-8414-55D40BD449E2}.Release|iPhone.ActiveCfg = Release|Any CPU
		{F6E545A3-EF5D-4207-8414-55D40BD449E2}.Release|iPhoneSimulator.ActiveCfg = Release|Any CPU
		{F6E545A3-EF5D-4207-8414-55D40BD449E2}.Release|Mixed Platforms.ActiveCfg = Release|Any CPU
		{F6E545A3-EF5D-4207-8414-55D40BD449E2}.Release|Mixed Platforms.Build.0 = Release|Any CPU
		{F6E545A3-EF5D-4207-8414-55D40BD449E2}.Release|x86.ActiveCfg = Release|Any CPU
	EndGlobalSection
	GlobalSection(SolutionProperties) = preSolution
		HideSolutionNode = FALSE
	EndGlobalSection
	GlobalSection(NestedProjects) = preSolution
		{C48CD5F3-86E5-479B-A8D8-1EC62439380C} = {4AA1AFAF-AD2A-4590-A201-485B7649369E}
		{67F9D3A8-F71E-4428-913F-C37AE82CDB24} = {C48CD5F3-86E5-479B-A8D8-1EC62439380C}
		{6A26FF62-49FA-491A-B687-39C790EFE2BC} = {C0EE6275-D39C-4350-8906-09CA88A5B263}
		{90AD55BC-FC20-4B80-A265-0EC842A94573} = {6A26FF62-49FA-491A-B687-39C790EFE2BC}
		{BC22C60E-4D9F-4255-BB49-680016D76326} = {6A26FF62-49FA-491A-B687-39C790EFE2BC}
		{D9E8714E-0562-479B-ACAA-75155E032EC6} = {6A26FF62-49FA-491A-B687-39C790EFE2BC}
	EndGlobalSection
	GlobalSection(ExtensibilityGlobals) = postSolution
		SolutionGuid = {1CF178A4-A1D5-4596-8E3A-608C44883893}
	EndGlobalSection
EndGlobal
